// !$*UTF8*$!
{
	archiveVersion = 1;
	classes = {
	};
	objectVersion = 48;
	objects = {

/* Begin PBXBuildFile section */
		155D15544D2AA0DDD90B0806 /* Pods_WeChatDemoTests.framework in Frameworks */ = {isa = PBXBuildFile; fileRef = 72DA7DF07DB8BCEA82BD6E7D /* Pods_WeChatDemoTests.framework */; };
		2E5493381FD7F91400DB934B /* AppDelegate.swift in Sources */ = {isa = PBXBuildFile; fileRef = 2E5493371FD7F91400DB934B /* AppDelegate.swift */; };
		2E54933A1FD7F91400DB934B /* ViewController.swift in Sources */ = {isa = PBXBuildFile; fileRef = 2E5493391FD7F91400DB934B /* ViewController.swift */; };
		2E54933D1FD7F91400DB934B /* Main.storyboard in Resources */ = {isa = PBXBuildFile; fileRef = 2E54933B1FD7F91400DB934B /* Main.storyboard */; };
		2E54933F1FD7F91400DB934B /* Assets.xcassets in Resources */ = {isa = PBXBuildFile; fileRef = 2E54933E1FD7F91400DB934B /* Assets.xcassets */; };
		2E5493421FD7F91400DB934B /* LaunchScreen.storyboard in Resources */ = {isa = PBXBuildFile; fileRef = 2E5493401FD7F91400DB934B /* LaunchScreen.storyboard */; };
		2E54934D1FD7F91400DB934B /* WeChatDemoTests.swift in Sources */ = {isa = PBXBuildFile; fileRef = 2E54934C1FD7F91400DB934B /* WeChatDemoTests.swift */; };
		2E5493581FD7F91400DB934B /* WeChatDemoUITests.swift in Sources */ = {isa = PBXBuildFile; fileRef = 2E5493571FD7F91400DB934B /* WeChatDemoUITests.swift */; };
		2E5494511FD8CCF300DB934B /* NSString+Chat.swift in Sources */ = {isa = PBXBuildFile; fileRef = 2E5494451FD8CCF300DB934B /* NSString+Chat.swift */; };
		2E5494521FD8CCF300DB934B /* NSString+PinYin.swift in Sources */ = {isa = PBXBuildFile; fileRef = 2E5494461FD8CCF300DB934B /* NSString+PinYin.swift */; };
		2E5494551FD8CCF300DB934B /* UIButton+Extensions.swift in Sources */ = {isa = PBXBuildFile; fileRef = 2E5494491FD8CCF300DB934B /* UIButton+Extensions.swift */; };
		2E5494561FD8CCF300DB934B /* UIColor+Extension.swift in Sources */ = {isa = PBXBuildFile; fileRef = 2E54944A1FD8CCF300DB934B /* UIColor+Extension.swift */; };
		2E5494571FD8CCF300DB934B /* UIFont+Extension.swift in Sources */ = {isa = PBXBuildFile; fileRef = 2E54944B1FD8CCF300DB934B /* UIFont+Extension.swift */; };
		2E5494581FD8CCF300DB934B /* UIImage+CWChat.swift in Sources */ = {isa = PBXBuildFile; fileRef = 2E54944C1FD8CCF300DB934B /* UIImage+CWChat.swift */; };
		2E5494591FD8CCF300DB934B /* UIImage+Extension.swift in Sources */ = {isa = PBXBuildFile; fileRef = 2E54944D1FD8CCF300DB934B /* UIImage+Extension.swift */; };
		2E54945B1FD8CCF300DB934B /* UITableView+Reusable.swift in Sources */ = {isa = PBXBuildFile; fileRef = 2E54944F1FD8CCF300DB934B /* UITableView+Reusable.swift */; };
		2E54945C1FD8CCF300DB934B /* UIView+Frame.swift in Sources */ = {isa = PBXBuildFile; fileRef = 2E5494501FD8CCF300DB934B /* UIView+Frame.swift */; };
		2E5494621FD8CD3B00DB934B /* ChatTimeTool.swift in Sources */ = {isa = PBXBuildFile; fileRef = 2E54945E1FD8CD3B00DB934B /* ChatTimeTool.swift */; };
		2E5494631FD8CD3B00DB934B /* CWChatConst.swift in Sources */ = {isa = PBXBuildFile; fileRef = 2E54945F1FD8CD3B00DB934B /* CWChatConst.swift */; };
		2E5494641FD8CD3B00DB934B /* CWPlayMessageAudio.swift in Sources */ = {isa = PBXBuildFile; fileRef = 2E5494601FD8CD3B00DB934B /* CWPlayMessageAudio.swift */; };
		2E5494651FD8CD3B00DB934B /* CWUIUtility.swift in Sources */ = {isa = PBXBuildFile; fileRef = 2E5494611FD8CD3B00DB934B /* CWUIUtility.swift */; };
		2E5494671FD8CD6A00DB934B /* CWMessageModel.swift in Sources */ = {isa = PBXBuildFile; fileRef = 2E5494661FD8CD6A00DB934B /* CWMessageModel.swift */; };
		2E5494691FD8CDD800DB934B /* CWMessage.swift in Sources */ = {isa = PBXBuildFile; fileRef = 2E5494681FD8CDD800DB934B /* CWMessage.swift */; };
		2E54946B1FD8CE2C00DB934B /* CWTextMessageBody.swift in Sources */ = {isa = PBXBuildFile; fileRef = 2E54946A1FD8CE2C00DB934B /* CWTextMessageBody.swift */; };
		2E54946D1FD8CE3400DB934B /* CWFileMessageBody.swift in Sources */ = {isa = PBXBuildFile; fileRef = 2E54946C1FD8CE3400DB934B /* CWFileMessageBody.swift */; };
		2E54946F1FD8CE3A00DB934B /* CWImageMessageBody.swift in Sources */ = {isa = PBXBuildFile; fileRef = 2E54946E1FD8CE3A00DB934B /* CWImageMessageBody.swift */; };
		2E5494711FD8CE5200DB934B /* CWEmoticonMessageBody.swift in Sources */ = {isa = PBXBuildFile; fileRef = 2E5494701FD8CE5100DB934B /* CWEmoticonMessageBody.swift */; };
		2E5494731FD8CE5700DB934B /* CWChatUser.swift in Sources */ = {isa = PBXBuildFile; fileRef = 2E5494721FD8CE5700DB934B /* CWChatUser.swift */; };
		2E5494751FD8CE7400DB934B /* CWMessageBody.swift in Sources */ = {isa = PBXBuildFile; fileRef = 2E5494741FD8CE7400DB934B /* CWMessageBody.swift */; };
		2E5494771FD8D05A00DB934B /* CWBaseMessageController.swift in Sources */ = {isa = PBXBuildFile; fileRef = 2E5494761FD8D05A00DB934B /* CWBaseMessageController.swift */; };
		2E54947A1FD8D22F00DB934B /* CWMessageViewLayout.swift in Sources */ = {isa = PBXBuildFile; fileRef = 2E5494791FD8D22F00DB934B /* CWMessageViewLayout.swift */; };
		2E54947C1FD8D25600DB934B /* CWMessageCell.swift in Sources */ = {isa = PBXBuildFile; fileRef = 2E54947B1FD8D25600DB934B /* CWMessageCell.swift */; };
		2E54947E1FD8D29C00DB934B /* MessageContentView.swift in Sources */ = {isa = PBXBuildFile; fileRef = 2E54947D1FD8D29C00DB934B /* MessageContentView.swift */; };
		2E5494801FD8D2AF00DB934B /* EmoticonMessageContentView.swift in Sources */ = {isa = PBXBuildFile; fileRef = 2E54947F1FD8D2AF00DB934B /* EmoticonMessageContentView.swift */; };
		2E5494821FD8D2BE00DB934B /* ImageMessageContentView.swift in Sources */ = {isa = PBXBuildFile; fileRef = 2E5494811FD8D2BE00DB934B /* ImageMessageContentView.swift */; };
		2E5494841FD8D2C700DB934B /* TextMessageContentView.swift in Sources */ = {isa = PBXBuildFile; fileRef = 2E5494831FD8D2C700DB934B /* TextMessageContentView.swift */; };
		2E5494861FD8D2D800DB934B /* CWChatUIConstant.swift in Sources */ = {isa = PBXBuildFile; fileRef = 2E5494851FD8D2D800DB934B /* CWChatUIConstant.swift */; };
		2E5494881FD8D2EC00DB934B /* CWTimeMessageCell.swift in Sources */ = {isa = PBXBuildFile; fileRef = 2E5494871FD8D2EC00DB934B /* CWTimeMessageCell.swift */; };
		2E54948A1FD8D2FB00DB934B /* CWChatTextDisplayView.swift in Sources */ = {isa = PBXBuildFile; fileRef = 2E5494891FD8D2FB00DB934B /* CWChatTextDisplayView.swift */; };
		2E54948C1FD8D30F00DB934B /* CWChatImageView.swift in Sources */ = {isa = PBXBuildFile; fileRef = 2E54948B1FD8D30F00DB934B /* CWChatImageView.swift */; };
		2E54948E1FD8D3CD00DB934B /* CWMessageLayoutAttributes.swift in Sources */ = {isa = PBXBuildFile; fileRef = 2E54948D1FD8D3CD00DB934B /* CWMessageLayoutAttributes.swift */; };
		2E5494901FD8D3D200DB934B /* CWMessageLayoutSettings.swift in Sources */ = {isa = PBXBuildFile; fileRef = 2E54948F1FD8D3D200DB934B /* CWMessageLayoutSettings.swift */; };
		2E5494931FD8D45100DB934B /* CWTextLinePositionModifier.swift in Sources */ = {isa = PBXBuildFile; fileRef = 2E5494921FD8D45100DB934B /* CWTextLinePositionModifier.swift */; };
		2E5494951FD8D45800DB934B /* CWChatTextParser.swift in Sources */ = {isa = PBXBuildFile; fileRef = 2E5494941FD8D45800DB934B /* CWChatTextParser.swift */; };
		2E5494971FD8D4DB00DB934B /* Const.swift in Sources */ = {isa = PBXBuildFile; fileRef = 2E5494961FD8D4DB00DB934B /* Const.swift */; };
		2E54949E1FD8DBE000DB934B /* chat_background.png in Resources */ = {isa = PBXBuildFile; fileRef = 2E54949D1FD8DBE000DB934B /* chat_background.png */; };
		2E8E393B1FDA6F3600080E68 /* ChatWebViewController.swift in Sources */ = {isa = PBXBuildFile; fileRef = 2E8E393A1FDA6F3600080E68 /* ChatWebViewController.swift */; };
		2E9469411FD8DDD30000DC20 /* ChatToolBarStyle.swift in Sources */ = {isa = PBXBuildFile; fileRef = 2E9469271FD8DDD30000DC20 /* ChatToolBarStyle.swift */; };
		2E9469421FD8DDD30000DC20 /* CWChatKeyboard.swift in Sources */ = {isa = PBXBuildFile; fileRef = 2E9469281FD8DDD30000DC20 /* CWChatKeyboard.swift */; };
		2E9469431FD8DDD30000DC20 /* CWChatToolBar.swift in Sources */ = {isa = PBXBuildFile; fileRef = 2E9469291FD8DDD30000DC20 /* CWChatToolBar.swift */; };
		2E9469441FD8DDD30000DC20 /* CWInputTextView.swift in Sources */ = {isa = PBXBuildFile; fileRef = 2E94692A1FD8DDD30000DC20 /* CWInputTextView.swift */; };
		2E9469461FD8DDD30000DC20 /* EmoticonCell.swift in Sources */ = {isa = PBXBuildFile; fileRef = 2E94692D1FD8DDD30000DC20 /* EmoticonCell.swift */; };
		2E9469471FD8DDD30000DC20 /* EmoticonGroup.swift in Sources */ = {isa = PBXBuildFile; fileRef = 2E94692E1FD8DDD30000DC20 /* EmoticonGroup.swift */; };
		2E9469481FD8DDD30000DC20 /* EmoticonInputView.swift in Sources */ = {isa = PBXBuildFile; fileRef = 2E94692F1FD8DDD30000DC20 /* EmoticonInputView.swift */; };
		2E9469491FD8DDD30000DC20 /* EmoticonPageCell.swift in Sources */ = {isa = PBXBuildFile; fileRef = 2E9469301FD8DDD30000DC20 /* EmoticonPageCell.swift */; };
		2E94694A1FD8DDD30000DC20 /* EmoticonPageCellLayout.swift in Sources */ = {isa = PBXBuildFile; fileRef = 2E9469311FD8DDD30000DC20 /* EmoticonPageCellLayout.swift */; };
		2E94694B1FD8DDD30000DC20 /* EmoticonPreviewer.swift in Sources */ = {isa = PBXBuildFile; fileRef = 2E9469321FD8DDD30000DC20 /* EmoticonPreviewer.swift */; };
		2E94694C1FD8DDD30000DC20 /* EmoticonToolItemCell.swift in Sources */ = {isa = PBXBuildFile; fileRef = 2E9469331FD8DDD30000DC20 /* EmoticonToolItemCell.swift */; };
		2E94694D1FD8DDD30000DC20 /* EmoticonToolView.swift in Sources */ = {isa = PBXBuildFile; fileRef = 2E9469341FD8DDD30000DC20 /* EmoticonToolView.swift */; };
		2E94694E1FD8DDD30000DC20 /* InputTextView.swift in Sources */ = {isa = PBXBuildFile; fileRef = 2E9469361FD8DDD30000DC20 /* InputTextView.swift */; };
		2E94694F1FD8DDD30000DC20 /* Keyboard.swift in Sources */ = {isa = PBXBuildFile; fileRef = 2E9469371FD8DDD30000DC20 /* Keyboard.swift */; };
		2E9469511FD8DDD30000DC20 /* ToolView.swift in Sources */ = {isa = PBXBuildFile; fileRef = 2E9469391FD8DDD30000DC20 /* ToolView.swift */; };
		2E9469521FD8DDD30000DC20 /* CWMoreInputView.swift in Sources */ = {isa = PBXBuildFile; fileRef = 2E94693B1FD8DDD30000DC20 /* CWMoreInputView.swift */; };
		2E9469531FD8DDD30000DC20 /* MoreInputDataHelper.swift in Sources */ = {isa = PBXBuildFile; fileRef = 2E94693C1FD8DDD30000DC20 /* MoreInputDataHelper.swift */; };
		2E9469541FD8DDD30000DC20 /* MoreInputView.swift in Sources */ = {isa = PBXBuildFile; fileRef = 2E94693D1FD8DDD30000DC20 /* MoreInputView.swift */; };
		2E9469551FD8DDD30000DC20 /* MoreInputViewLayout.swift in Sources */ = {isa = PBXBuildFile; fileRef = 2E94693E1FD8DDD30000DC20 /* MoreInputViewLayout.swift */; };
		2E9469561FD8DDD30000DC20 /* MoreItem.swift in Sources */ = {isa = PBXBuildFile; fileRef = 2E94693F1FD8DDD30000DC20 /* MoreItem.swift */; };
		2E9469571FD8DDD30000DC20 /* MoreItemCell.swift in Sources */ = {isa = PBXBuildFile; fileRef = 2E9469401FD8DDD30000DC20 /* MoreItemCell.swift */; };
		2E9469731FD8DE110000DC20 /* Emoticon.swift in Sources */ = {isa = PBXBuildFile; fileRef = 2E94695F1FD8DE110000DC20 /* Emoticon.swift */; };
		2E9469751FD8DE110000DC20 /* EmoticonManager.swift in Sources */ = {isa = PBXBuildFile; fileRef = 2E9469621FD8DE110000DC20 /* EmoticonManager.swift */; };
		2E9469811FD8DE340000DC20 /* emoticons.bundle in Resources */ = {isa = PBXBuildFile; fileRef = 2E9469801FD8DE340000DC20 /* emoticons.bundle */; };
		2E9469831FD8DE3B0000DC20 /* Emotion.bundle in Resources */ = {isa = PBXBuildFile; fileRef = 2E9469821FD8DE3B0000DC20 /* Emotion.bundle */; };
		2E9469851FD8DE760000DC20 /* CWBaseTableViewController.swift in Sources */ = {isa = PBXBuildFile; fileRef = 2E9469841FD8DE760000DC20 /* CWBaseTableViewController.swift */; };
		2E9469871FD8E43D0000DC20 /* CWBaseMessageController+Keyboard.swift in Sources */ = {isa = PBXBuildFile; fileRef = 2E9469861FD8E43D0000DC20 /* CWBaseMessageController+Keyboard.swift */; };
		2E9469891FD8E52B0000DC20 /* CWChatKit.swift in Sources */ = {isa = PBXBuildFile; fileRef = 2E9469881FD8E52A0000DC20 /* CWChatKit.swift */; };
		93353B1A7003F6E9F68ABF7E /* Pods_WeChatDemo.framework in Frameworks */ = {isa = PBXBuildFile; fileRef = 2E48F38146F3894031D636F0 /* Pods_WeChatDemo.framework */; };
		A29837DD5B2747FAAED9C4F9 /* Pods_WeChatDemoUITests.framework in Frameworks */ = {isa = PBXBuildFile; fileRef = 9B078FC5658352B4A07732F6 /* Pods_WeChatDemoUITests.framework */; };
/* End PBXBuildFile section */

/* Begin PBXContainerItemProxy section */
		2E5493491FD7F91400DB934B /* PBXContainerItemProxy */ = {
			isa = PBXContainerItemProxy;
			containerPortal = 2E54932C1FD7F91400DB934B /* Project object */;
			proxyType = 1;
			remoteGlobalIDString = 2E5493331FD7F91400DB934B;
			remoteInfo = WeChatDemo;
		};
		2E5493541FD7F91400DB934B /* PBXContainerItemProxy */ = {
			isa = PBXContainerItemProxy;
			containerPortal = 2E54932C1FD7F91400DB934B /* Project object */;
			proxyType = 1;
			remoteGlobalIDString = 2E5493331FD7F91400DB934B;
			remoteInfo = WeChatDemo;
		};
/* End PBXContainerItemProxy section */

/* Begin PBXFileReference section */
		242425485CE9DD49A355809F /* Pods-WeChatDemoTests.release.xcconfig */ = {isa = PBXFileReference; includeInIndex = 1; lastKnownFileType = text.xcconfig; name = "Pods-WeChatDemoTests.release.xcconfig"; path = "Pods/Target Support Files/Pods-WeChatDemoTests/Pods-WeChatDemoTests.release.xcconfig"; sourceTree = "<group>"; };
		2923E152CD439BEE89B8302C /* Pods-WeChatDemo.debug.xcconfig */ = {isa = PBXFileReference; includeInIndex = 1; lastKnownFileType = text.xcconfig; name = "Pods-WeChatDemo.debug.xcconfig"; path = "Pods/Target Support Files/Pods-WeChatDemo/Pods-WeChatDemo.debug.xcconfig"; sourceTree = "<group>"; };
		2E48F38146F3894031D636F0 /* Pods_WeChatDemo.framework */ = {isa = PBXFileReference; explicitFileType = wrapper.framework; includeInIndex = 0; path = Pods_WeChatDemo.framework; sourceTree = BUILT_PRODUCTS_DIR; };
		2E5493341FD7F91400DB934B /* WeChatDemo.app */ = {isa = PBXFileReference; explicitFileType = wrapper.application; includeInIndex = 0; path = WeChatDemo.app; sourceTree = BUILT_PRODUCTS_DIR; };
		2E5493371FD7F91400DB934B /* AppDelegate.swift */ = {isa = PBXFileReference; lastKnownFileType = sourcecode.swift; path = AppDelegate.swift; sourceTree = "<group>"; };
		2E5493391FD7F91400DB934B /* ViewController.swift */ = {isa = PBXFileReference; lastKnownFileType = sourcecode.swift; path = ViewController.swift; sourceTree = "<group>"; };
		2E54933C1FD7F91400DB934B /* Base */ = {isa = PBXFileReference; lastKnownFileType = file.storyboard; name = Base; path = Base.lproj/Main.storyboard; sourceTree = "<group>"; };
		2E54933E1FD7F91400DB934B /* Assets.xcassets */ = {isa = PBXFileReference; lastKnownFileType = folder.assetcatalog; path = Assets.xcassets; sourceTree = "<group>"; };
		2E5493411FD7F91400DB934B /* Base */ = {isa = PBXFileReference; lastKnownFileType = file.storyboard; name = Base; path = Base.lproj/LaunchScreen.storyboard; sourceTree = "<group>"; };
		2E5493431FD7F91400DB934B /* Info.plist */ = {isa = PBXFileReference; lastKnownFileType = text.plist.xml; path = Info.plist; sourceTree = "<group>"; };
		2E5493481FD7F91400DB934B /* WeChatDemoTests.xctest */ = {isa = PBXFileReference; explicitFileType = wrapper.cfbundle; includeInIndex = 0; path = WeChatDemoTests.xctest; sourceTree = BUILT_PRODUCTS_DIR; };
		2E54934C1FD7F91400DB934B /* WeChatDemoTests.swift */ = {isa = PBXFileReference; lastKnownFileType = sourcecode.swift; path = WeChatDemoTests.swift; sourceTree = "<group>"; };
		2E54934E1FD7F91400DB934B /* Info.plist */ = {isa = PBXFileReference; lastKnownFileType = text.plist.xml; path = Info.plist; sourceTree = "<group>"; };
		2E5493531FD7F91400DB934B /* WeChatDemoUITests.xctest */ = {isa = PBXFileReference; explicitFileType = wrapper.cfbundle; includeInIndex = 0; path = WeChatDemoUITests.xctest; sourceTree = BUILT_PRODUCTS_DIR; };
		2E5493571FD7F91400DB934B /* WeChatDemoUITests.swift */ = {isa = PBXFileReference; lastKnownFileType = sourcecode.swift; path = WeChatDemoUITests.swift; sourceTree = "<group>"; };
		2E5493591FD7F91400DB934B /* Info.plist */ = {isa = PBXFileReference; lastKnownFileType = text.plist.xml; path = Info.plist; sourceTree = "<group>"; };
		2E5494451FD8CCF300DB934B /* NSString+Chat.swift */ = {isa = PBXFileReference; fileEncoding = 4; lastKnownFileType = sourcecode.swift; path = "NSString+Chat.swift"; sourceTree = "<group>"; };
		2E5494461FD8CCF300DB934B /* NSString+PinYin.swift */ = {isa = PBXFileReference; fileEncoding = 4; lastKnownFileType = sourcecode.swift; path = "NSString+PinYin.swift"; sourceTree = "<group>"; };
		2E5494491FD8CCF300DB934B /* UIButton+Extensions.swift */ = {isa = PBXFileReference; fileEncoding = 4; lastKnownFileType = sourcecode.swift; path = "UIButton+Extensions.swift"; sourceTree = "<group>"; };
		2E54944A1FD8CCF300DB934B /* UIColor+Extension.swift */ = {isa = PBXFileReference; fileEncoding = 4; lastKnownFileType = sourcecode.swift; path = "UIColor+Extension.swift"; sourceTree = "<group>"; };
		2E54944B1FD8CCF300DB934B /* UIFont+Extension.swift */ = {isa = PBXFileReference; fileEncoding = 4; lastKnownFileType = sourcecode.swift; path = "UIFont+Extension.swift"; sourceTree = "<group>"; };
		2E54944C1FD8CCF300DB934B /* UIImage+CWChat.swift */ = {isa = PBXFileReference; fileEncoding = 4; lastKnownFileType = sourcecode.swift; path = "UIImage+CWChat.swift"; sourceTree = "<group>"; };
		2E54944D1FD8CCF300DB934B /* UIImage+Extension.swift */ = {isa = PBXFileReference; fileEncoding = 4; lastKnownFileType = sourcecode.swift; path = "UIImage+Extension.swift"; sourceTree = "<group>"; };
		2E54944F1FD8CCF300DB934B /* UITableView+Reusable.swift */ = {isa = PBXFileReference; fileEncoding = 4; lastKnownFileType = sourcecode.swift; path = "UITableView+Reusable.swift"; sourceTree = "<group>"; };
		2E5494501FD8CCF300DB934B /* UIView+Frame.swift */ = {isa = PBXFileReference; fileEncoding = 4; lastKnownFileType = sourcecode.swift; path = "UIView+Frame.swift"; sourceTree = "<group>"; };
		2E54945E1FD8CD3B00DB934B /* ChatTimeTool.swift */ = {isa = PBXFileReference; fileEncoding = 4; lastKnownFileType = sourcecode.swift; path = ChatTimeTool.swift; sourceTree = "<group>"; };
		2E54945F1FD8CD3B00DB934B /* CWChatConst.swift */ = {isa = PBXFileReference; fileEncoding = 4; lastKnownFileType = sourcecode.swift; path = CWChatConst.swift; sourceTree = "<group>"; };
		2E5494601FD8CD3B00DB934B /* CWPlayMessageAudio.swift */ = {isa = PBXFileReference; fileEncoding = 4; lastKnownFileType = sourcecode.swift; path = CWPlayMessageAudio.swift; sourceTree = "<group>"; };
		2E5494611FD8CD3B00DB934B /* CWUIUtility.swift */ = {isa = PBXFileReference; fileEncoding = 4; lastKnownFileType = sourcecode.swift; path = CWUIUtility.swift; sourceTree = "<group>"; };
		2E5494661FD8CD6A00DB934B /* CWMessageModel.swift */ = {isa = PBXFileReference; fileEncoding = 4; lastKnownFileType = sourcecode.swift; path = CWMessageModel.swift; sourceTree = "<group>"; };
		2E5494681FD8CDD800DB934B /* CWMessage.swift */ = {isa = PBXFileReference; fileEncoding = 4; lastKnownFileType = sourcecode.swift; path = CWMessage.swift; sourceTree = "<group>"; };
		2E54946A1FD8CE2C00DB934B /* CWTextMessageBody.swift */ = {isa = PBXFileReference; fileEncoding = 4; lastKnownFileType = sourcecode.swift; path = CWTextMessageBody.swift; sourceTree = "<group>"; };
		2E54946C1FD8CE3400DB934B /* CWFileMessageBody.swift */ = {isa = PBXFileReference; fileEncoding = 4; lastKnownFileType = sourcecode.swift; path = CWFileMessageBody.swift; sourceTree = "<group>"; };
		2E54946E1FD8CE3A00DB934B /* CWImageMessageBody.swift */ = {isa = PBXFileReference; fileEncoding = 4; lastKnownFileType = sourcecode.swift; path = CWImageMessageBody.swift; sourceTree = "<group>"; };
		2E5494701FD8CE5100DB934B /* CWEmoticonMessageBody.swift */ = {isa = PBXFileReference; fileEncoding = 4; lastKnownFileType = sourcecode.swift; path = CWEmoticonMessageBody.swift; sourceTree = "<group>"; };
		2E5494721FD8CE5700DB934B /* CWChatUser.swift */ = {isa = PBXFileReference; fileEncoding = 4; lastKnownFileType = sourcecode.swift; path = CWChatUser.swift; sourceTree = "<group>"; };
		2E5494741FD8CE7400DB934B /* CWMessageBody.swift */ = {isa = PBXFileReference; fileEncoding = 4; lastKnownFileType = sourcecode.swift; path = CWMessageBody.swift; sourceTree = "<group>"; };
		2E5494761FD8D05A00DB934B /* CWBaseMessageController.swift */ = {isa = PBXFileReference; fileEncoding = 4; lastKnownFileType = sourcecode.swift; path = CWBaseMessageController.swift; sourceTree = "<group>"; wrapsLines = 0; };
		2E5494791FD8D22F00DB934B /* CWMessageViewLayout.swift */ = {isa = PBXFileReference; fileEncoding = 4; lastKnownFileType = sourcecode.swift; path = CWMessageViewLayout.swift; sourceTree = "<group>"; };
		2E54947B1FD8D25600DB934B /* CWMessageCell.swift */ = {isa = PBXFileReference; fileEncoding = 4; lastKnownFileType = sourcecode.swift; path = CWMessageCell.swift; sourceTree = "<group>"; };
		2E54947D1FD8D29C00DB934B /* MessageContentView.swift */ = {isa = PBXFileReference; fileEncoding = 4; lastKnownFileType = sourcecode.swift; path = MessageContentView.swift; sourceTree = "<group>"; };
		2E54947F1FD8D2AF00DB934B /* EmoticonMessageContentView.swift */ = {isa = PBXFileReference; fileEncoding = 4; lastKnownFileType = sourcecode.swift; path = EmoticonMessageContentView.swift; sourceTree = "<group>"; };
		2E5494811FD8D2BE00DB934B /* ImageMessageContentView.swift */ = {isa = PBXFileReference; fileEncoding = 4; lastKnownFileType = sourcecode.swift; path = ImageMessageContentView.swift; sourceTree = "<group>"; };
		2E5494831FD8D2C700DB934B /* TextMessageContentView.swift */ = {isa = PBXFileReference; fileEncoding = 4; lastKnownFileType = sourcecode.swift; path = TextMessageContentView.swift; sourceTree = "<group>"; };
		2E5494851FD8D2D800DB934B /* CWChatUIConstant.swift */ = {isa = PBXFileReference; fileEncoding = 4; lastKnownFileType = sourcecode.swift; path = CWChatUIConstant.swift; sourceTree = "<group>"; };
		2E5494871FD8D2EC00DB934B /* CWTimeMessageCell.swift */ = {isa = PBXFileReference; fileEncoding = 4; lastKnownFileType = sourcecode.swift; path = CWTimeMessageCell.swift; sourceTree = "<group>"; };
		2E5494891FD8D2FB00DB934B /* CWChatTextDisplayView.swift */ = {isa = PBXFileReference; fileEncoding = 4; lastKnownFileType = sourcecode.swift; path = CWChatTextDisplayView.swift; sourceTree = "<group>"; };
		2E54948B1FD8D30F00DB934B /* CWChatImageView.swift */ = {isa = PBXFileReference; fileEncoding = 4; lastKnownFileType = sourcecode.swift; path = CWChatImageView.swift; sourceTree = "<group>"; };
		2E54948D1FD8D3CD00DB934B /* CWMessageLayoutAttributes.swift */ = {isa = PBXFileReference; fileEncoding = 4; lastKnownFileType = sourcecode.swift; path = CWMessageLayoutAttributes.swift; sourceTree = "<group>"; };
		2E54948F1FD8D3D200DB934B /* CWMessageLayoutSettings.swift */ = {isa = PBXFileReference; fileEncoding = 4; lastKnownFileType = sourcecode.swift; path = CWMessageLayoutSettings.swift; sourceTree = "<group>"; };
		2E5494921FD8D45100DB934B /* CWTextLinePositionModifier.swift */ = {isa = PBXFileReference; fileEncoding = 4; lastKnownFileType = sourcecode.swift; path = CWTextLinePositionModifier.swift; sourceTree = "<group>"; };
		2E5494941FD8D45800DB934B /* CWChatTextParser.swift */ = {isa = PBXFileReference; fileEncoding = 4; lastKnownFileType = sourcecode.swift; path = CWChatTextParser.swift; sourceTree = "<group>"; };
		2E5494961FD8D4DB00DB934B /* Const.swift */ = {isa = PBXFileReference; fileEncoding = 4; lastKnownFileType = sourcecode.swift; path = Const.swift; sourceTree = "<group>"; };
		2E54949D1FD8DBE000DB934B /* chat_background.png */ = {isa = PBXFileReference; lastKnownFileType = image.png; path = chat_background.png; sourceTree = "<group>"; };
		2E8E393A1FDA6F3600080E68 /* ChatWebViewController.swift */ = {isa = PBXFileReference; lastKnownFileType = sourcecode.swift; path = ChatWebViewController.swift; sourceTree = "<group>"; };
		2E9469271FD8DDD30000DC20 /* ChatToolBarStyle.swift */ = {isa = PBXFileReference; fileEncoding = 4; lastKnownFileType = sourcecode.swift; path = ChatToolBarStyle.swift; sourceTree = "<group>"; };
		2E9469281FD8DDD30000DC20 /* CWChatKeyboard.swift */ = {isa = PBXFileReference; fileEncoding = 4; lastKnownFileType = sourcecode.swift; path = CWChatKeyboard.swift; sourceTree = "<group>"; };
		2E9469291FD8DDD30000DC20 /* CWChatToolBar.swift */ = {isa = PBXFileReference; fileEncoding = 4; lastKnownFileType = sourcecode.swift; path = CWChatToolBar.swift; sourceTree = "<group>"; };
		2E94692A1FD8DDD30000DC20 /* CWInputTextView.swift */ = {isa = PBXFileReference; fileEncoding = 4; lastKnownFileType = sourcecode.swift; path = CWInputTextView.swift; sourceTree = "<group>"; };
		2E94692D1FD8DDD30000DC20 /* EmoticonCell.swift */ = {isa = PBXFileReference; fileEncoding = 4; lastKnownFileType = sourcecode.swift; path = EmoticonCell.swift; sourceTree = "<group>"; };
		2E94692E1FD8DDD30000DC20 /* EmoticonGroup.swift */ = {isa = PBXFileReference; fileEncoding = 4; lastKnownFileType = sourcecode.swift; path = EmoticonGroup.swift; sourceTree = "<group>"; };
		2E94692F1FD8DDD30000DC20 /* EmoticonInputView.swift */ = {isa = PBXFileReference; fileEncoding = 4; lastKnownFileType = sourcecode.swift; path = EmoticonInputView.swift; sourceTree = "<group>"; };
		2E9469301FD8DDD30000DC20 /* EmoticonPageCell.swift */ = {isa = PBXFileReference; fileEncoding = 4; lastKnownFileType = sourcecode.swift; path = EmoticonPageCell.swift; sourceTree = "<group>"; };
		2E9469311FD8DDD30000DC20 /* EmoticonPageCellLayout.swift */ = {isa = PBXFileReference; fileEncoding = 4; lastKnownFileType = sourcecode.swift; path = EmoticonPageCellLayout.swift; sourceTree = "<group>"; };
		2E9469321FD8DDD30000DC20 /* EmoticonPreviewer.swift */ = {isa = PBXFileReference; fileEncoding = 4; lastKnownFileType = sourcecode.swift; path = EmoticonPreviewer.swift; sourceTree = "<group>"; };
		2E9469331FD8DDD30000DC20 /* EmoticonToolItemCell.swift */ = {isa = PBXFileReference; fileEncoding = 4; lastKnownFileType = sourcecode.swift; path = EmoticonToolItemCell.swift; sourceTree = "<group>"; };
		2E9469341FD8DDD30000DC20 /* EmoticonToolView.swift */ = {isa = PBXFileReference; fileEncoding = 4; lastKnownFileType = sourcecode.swift; path = EmoticonToolView.swift; sourceTree = "<group>"; };
		2E9469361FD8DDD30000DC20 /* InputTextView.swift */ = {isa = PBXFileReference; fileEncoding = 4; lastKnownFileType = sourcecode.swift; path = InputTextView.swift; sourceTree = "<group>"; };
		2E9469371FD8DDD30000DC20 /* Keyboard.swift */ = {isa = PBXFileReference; fileEncoding = 4; lastKnownFileType = sourcecode.swift; path = Keyboard.swift; sourceTree = "<group>"; };
		2E9469391FD8DDD30000DC20 /* ToolView.swift */ = {isa = PBXFileReference; fileEncoding = 4; lastKnownFileType = sourcecode.swift; path = ToolView.swift; sourceTree = "<group>"; };
		2E94693B1FD8DDD30000DC20 /* CWMoreInputView.swift */ = {isa = PBXFileReference; fileEncoding = 4; lastKnownFileType = sourcecode.swift; path = CWMoreInputView.swift; sourceTree = "<group>"; };
		2E94693C1FD8DDD30000DC20 /* MoreInputDataHelper.swift */ = {isa = PBXFileReference; fileEncoding = 4; lastKnownFileType = sourcecode.swift; path = MoreInputDataHelper.swift; sourceTree = "<group>"; };
		2E94693D1FD8DDD30000DC20 /* MoreInputView.swift */ = {isa = PBXFileReference; fileEncoding = 4; lastKnownFileType = sourcecode.swift; path = MoreInputView.swift; sourceTree = "<group>"; };
		2E94693E1FD8DDD30000DC20 /* MoreInputViewLayout.swift */ = {isa = PBXFileReference; fileEncoding = 4; lastKnownFileType = sourcecode.swift; path = MoreInputViewLayout.swift; sourceTree = "<group>"; };
		2E94693F1FD8DDD30000DC20 /* MoreItem.swift */ = {isa = PBXFileReference; fileEncoding = 4; lastKnownFileType = sourcecode.swift; path = MoreItem.swift; sourceTree = "<group>"; };
		2E9469401FD8DDD30000DC20 /* MoreItemCell.swift */ = {isa = PBXFileReference; fileEncoding = 4; lastKnownFileType = sourcecode.swift; path = MoreItemCell.swift; sourceTree = "<group>"; };
		2E94695F1FD8DE110000DC20 /* Emoticon.swift */ = {isa = PBXFileReference; fileEncoding = 4; lastKnownFileType = sourcecode.swift; path = Emoticon.swift; sourceTree = "<group>"; };
		2E9469621FD8DE110000DC20 /* EmoticonManager.swift */ = {isa = PBXFileReference; fileEncoding = 4; lastKnownFileType = sourcecode.swift; path = EmoticonManager.swift; sourceTree = "<group>"; };
		2E9469801FD8DE340000DC20 /* emoticons.bundle */ = {isa = PBXFileReference; lastKnownFileType = "wrapper.plug-in"; path = emoticons.bundle; sourceTree = "<group>"; };
		2E9469821FD8DE3B0000DC20 /* Emotion.bundle */ = {isa = PBXFileReference; lastKnownFileType = "wrapper.plug-in"; path = Emotion.bundle; sourceTree = "<group>"; };
		2E9469841FD8DE760000DC20 /* CWBaseTableViewController.swift */ = {isa = PBXFileReference; fileEncoding = 4; lastKnownFileType = sourcecode.swift; path = CWBaseTableViewController.swift; sourceTree = "<group>"; };
		2E9469861FD8E43D0000DC20 /* CWBaseMessageController+Keyboard.swift */ = {isa = PBXFileReference; fileEncoding = 4; lastKnownFileType = sourcecode.swift; path = "CWBaseMessageController+Keyboard.swift"; sourceTree = "<group>"; };
		2E9469881FD8E52A0000DC20 /* CWChatKit.swift */ = {isa = PBXFileReference; fileEncoding = 4; lastKnownFileType = sourcecode.swift; path = CWChatKit.swift; sourceTree = "<group>"; };
		2EB80A291585394370498D47 /* Pods-WeChatDemoUITests.release.xcconfig */ = {isa = PBXFileReference; includeInIndex = 1; lastKnownFileType = text.xcconfig; name = "Pods-WeChatDemoUITests.release.xcconfig"; path = "Pods/Target Support Files/Pods-WeChatDemoUITests/Pods-WeChatDemoUITests.release.xcconfig"; sourceTree = "<group>"; };
		72DA7DF07DB8BCEA82BD6E7D /* Pods_WeChatDemoTests.framework */ = {isa = PBXFileReference; explicitFileType = wrapper.framework; includeInIndex = 0; path = Pods_WeChatDemoTests.framework; sourceTree = BUILT_PRODUCTS_DIR; };
		97510ABA5FCE263A673899A0 /* Pods-WeChatDemoUITests.debug.xcconfig */ = {isa = PBXFileReference; includeInIndex = 1; lastKnownFileType = text.xcconfig; name = "Pods-WeChatDemoUITests.debug.xcconfig"; path = "Pods/Target Support Files/Pods-WeChatDemoUITests/Pods-WeChatDemoUITests.debug.xcconfig"; sourceTree = "<group>"; };
		9B078FC5658352B4A07732F6 /* Pods_WeChatDemoUITests.framework */ = {isa = PBXFileReference; explicitFileType = wrapper.framework; includeInIndex = 0; path = Pods_WeChatDemoUITests.framework; sourceTree = BUILT_PRODUCTS_DIR; };
		C96D7656828EDFA4F9B37ABF /* Pods-WeChatDemoTests.debug.xcconfig */ = {isa = PBXFileReference; includeInIndex = 1; lastKnownFileType = text.xcconfig; name = "Pods-WeChatDemoTests.debug.xcconfig"; path = "Pods/Target Support Files/Pods-WeChatDemoTests/Pods-WeChatDemoTests.debug.xcconfig"; sourceTree = "<group>"; };
		CC9503219360A407A05D6360 /* Pods-WeChatDemo.release.xcconfig */ = {isa = PBXFileReference; includeInIndex = 1; lastKnownFileType = text.xcconfig; name = "Pods-WeChatDemo.release.xcconfig"; path = "Pods/Target Support Files/Pods-WeChatDemo/Pods-WeChatDemo.release.xcconfig"; sourceTree = "<group>"; };
/* End PBXFileReference section */

/* Begin PBXFrameworksBuildPhase section */
		2E5493311FD7F91400DB934B /* Frameworks */ = {
			isa = PBXFrameworksBuildPhase;
			buildActionMask = 2147483647;
			files = (
				93353B1A7003F6E9F68ABF7E /* Pods_WeChatDemo.framework in Frameworks */,
			);
			runOnlyForDeploymentPostprocessing = 0;
		};
		2E5493451FD7F91400DB934B /* Frameworks */ = {
			isa = PBXFrameworksBuildPhase;
			buildActionMask = 2147483647;
			files = (
				155D15544D2AA0DDD90B0806 /* Pods_WeChatDemoTests.framework in Frameworks */,
			);
			runOnlyForDeploymentPostprocessing = 0;
		};
		2E5493501FD7F91400DB934B /* Frameworks */ = {
			isa = PBXFrameworksBuildPhase;
			buildActionMask = 2147483647;
			files = (
				A29837DD5B2747FAAED9C4F9 /* Pods_WeChatDemoUITests.framework in Frameworks */,
			);
			runOnlyForDeploymentPostprocessing = 0;
		};
/* End PBXFrameworksBuildPhase section */

/* Begin PBXGroup section */
		2E54932B1FD7F91400DB934B = {
			isa = PBXGroup;
			children = (
				2E5493361FD7F91400DB934B /* WeChatDemo */,
				2E54934B1FD7F91400DB934B /* WeChatDemoTests */,
				2E5493561FD7F91400DB934B /* WeChatDemoUITests */,
				2E5493351FD7F91400DB934B /* Products */,
				556F47192EE61446A04B7B22 /* Pods */,
				B4CC2989AA5075D10039E198 /* Frameworks */,
			);
			sourceTree = "<group>";
		};
		2E5493351FD7F91400DB934B /* Products */ = {
			isa = PBXGroup;
			children = (
				2E5493341FD7F91400DB934B /* WeChatDemo.app */,
				2E5493481FD7F91400DB934B /* WeChatDemoTests.xctest */,
				2E5493531FD7F91400DB934B /* WeChatDemoUITests.xctest */,
			);
			name = Products;
			sourceTree = "<group>";
		};
		2E5493361FD7F91400DB934B /* WeChatDemo */ = {
			isa = PBXGroup;
			children = (
				2E54949D1FD8DBE000DB934B /* chat_background.png */,
				2E5494961FD8D4DB00DB934B /* Const.swift */,
				2E5493371FD7F91400DB934B /* AppDelegate.swift */,
				2E5493391FD7F91400DB934B /* ViewController.swift */,
				2E54933B1FD7F91400DB934B /* Main.storyboard */,
				2E54933E1FD7F91400DB934B /* Assets.xcassets */,
				2E54943F1FD8CC6500DB934B /* chat */,
				2E9469251FD8DDD30000DC20 /* CWInput */,
				2E9469581FD8DE110000DC20 /* Expression */,
				2E5493401FD7F91400DB934B /* LaunchScreen.storyboard */,
				2E5493431FD7F91400DB934B /* Info.plist */,
			);
			path = WeChatDemo;
			sourceTree = "<group>";
		};
		2E54934B1FD7F91400DB934B /* WeChatDemoTests */ = {
			isa = PBXGroup;
			children = (
				2E54934C1FD7F91400DB934B /* WeChatDemoTests.swift */,
				2E54934E1FD7F91400DB934B /* Info.plist */,
			);
			path = WeChatDemoTests;
			sourceTree = "<group>";
		};
		2E5493561FD7F91400DB934B /* WeChatDemoUITests */ = {
			isa = PBXGroup;
			children = (
				2E5493571FD7F91400DB934B /* WeChatDemoUITests.swift */,
				2E5493591FD7F91400DB934B /* Info.plist */,
			);
			path = WeChatDemoUITests;
			sourceTree = "<group>";
		};
		2E54943F1FD8CC6500DB934B /* chat */ = {
			isa = PBXGroup;
			children = (
				2E9469841FD8DE760000DC20 /* CWBaseTableViewController.swift */,
				2E9469881FD8E52A0000DC20 /* CWChatKit.swift */,
				2E5494911FD8D44800DB934B /* tool */,
				2E5494431FD8CC8E00DB934B /* Controller */,
				2E5494421FD8CC8500DB934B /* Model */,
				2E5494411FD8CC7B00DB934B /* View */,
				2E5494401FD8CC6E00DB934B /* helper */,
			);
			path = chat;
			sourceTree = "<group>";
		};
		2E5494401FD8CC6E00DB934B /* helper */ = {
			isa = PBXGroup;
			children = (
				2E54945D1FD8CD3B00DB934B /* Tool */,
				2E5494441FD8CCF300DB934B /* Extension */,
			);
			path = helper;
			sourceTree = "<group>";
		};
		2E5494411FD8CC7B00DB934B /* View */ = {
			isa = PBXGroup;
			children = (
				2E54947B1FD8D25600DB934B /* CWMessageCell.swift */,
				2E54947D1FD8D29C00DB934B /* MessageContentView.swift */,
				2E54947F1FD8D2AF00DB934B /* EmoticonMessageContentView.swift */,
				2E5494811FD8D2BE00DB934B /* ImageMessageContentView.swift */,
				2E5494831FD8D2C700DB934B /* TextMessageContentView.swift */,
				2E5494851FD8D2D800DB934B /* CWChatUIConstant.swift */,
				2E5494871FD8D2EC00DB934B /* CWTimeMessageCell.swift */,
				2E5494891FD8D2FB00DB934B /* CWChatTextDisplayView.swift */,
				2E54948B1FD8D30F00DB934B /* CWChatImageView.swift */,
				2E5494781FD8D22000DB934B /* Layout */,
			);
			path = View;
			sourceTree = "<group>";
		};
		2E5494421FD8CC8500DB934B /* Model */ = {
			isa = PBXGroup;
			children = (
				2E5494681FD8CDD800DB934B /* CWMessage.swift */,
				2E5494661FD8CD6A00DB934B /* CWMessageModel.swift */,
				2E5494741FD8CE7400DB934B /* CWMessageBody.swift */,
				2E54946C1FD8CE3400DB934B /* CWFileMessageBody.swift */,
				2E54946A1FD8CE2C00DB934B /* CWTextMessageBody.swift */,
				2E54946E1FD8CE3A00DB934B /* CWImageMessageBody.swift */,
				2E5494701FD8CE5100DB934B /* CWEmoticonMessageBody.swift */,
				2E5494721FD8CE5700DB934B /* CWChatUser.swift */,
			);
			path = Model;
			sourceTree = "<group>";
		};
		2E5494431FD8CC8E00DB934B /* Controller */ = {
			isa = PBXGroup;
			children = (
				2E5494761FD8D05A00DB934B /* CWBaseMessageController.swift */,
				2E9469861FD8E43D0000DC20 /* CWBaseMessageController+Keyboard.swift */,
				2E8E393A1FDA6F3600080E68 /* ChatWebViewController.swift */,
			);
			path = Controller;
			sourceTree = "<group>";
		};
		2E5494441FD8CCF300DB934B /* Extension */ = {
			isa = PBXGroup;
			children = (
				2E5494451FD8CCF300DB934B /* NSString+Chat.swift */,
				2E5494461FD8CCF300DB934B /* NSString+PinYin.swift */,
				2E5494491FD8CCF300DB934B /* UIButton+Extensions.swift */,
				2E54944A1FD8CCF300DB934B /* UIColor+Extension.swift */,
				2E54944B1FD8CCF300DB934B /* UIFont+Extension.swift */,
				2E54944C1FD8CCF300DB934B /* UIImage+CWChat.swift */,
				2E54944D1FD8CCF300DB934B /* UIImage+Extension.swift */,
				2E54944F1FD8CCF300DB934B /* UITableView+Reusable.swift */,
				2E5494501FD8CCF300DB934B /* UIView+Frame.swift */,
			);
			path = Extension;
			sourceTree = "<group>";
		};
		2E54945D1FD8CD3B00DB934B /* Tool */ = {
			isa = PBXGroup;
			children = (
				2E54945E1FD8CD3B00DB934B /* ChatTimeTool.swift */,
				2E54945F1FD8CD3B00DB934B /* CWChatConst.swift */,
				2E5494601FD8CD3B00DB934B /* CWPlayMessageAudio.swift */,
				2E5494611FD8CD3B00DB934B /* CWUIUtility.swift */,
			);
			path = Tool;
			sourceTree = "<group>";
		};
		2E5494781FD8D22000DB934B /* Layout */ = {
			isa = PBXGroup;
			children = (
				2E5494791FD8D22F00DB934B /* CWMessageViewLayout.swift */,
				2E54948D1FD8D3CD00DB934B /* CWMessageLayoutAttributes.swift */,
				2E54948F1FD8D3D200DB934B /* CWMessageLayoutSettings.swift */,
			);
			path = Layout;
			sourceTree = "<group>";
		};
		2E5494911FD8D44800DB934B /* tool */ = {
			isa = PBXGroup;
			children = (
				2E5494921FD8D45100DB934B /* CWTextLinePositionModifier.swift */,
				2E5494941FD8D45800DB934B /* CWChatTextParser.swift */,
			);
			path = tool;
			sourceTree = "<group>";
		};
		2E9469251FD8DDD30000DC20 /* CWInput */ = {
			isa = PBXGroup;
			children = (
				2E9469261FD8DDD30000DC20 /* ChatToolBar */,
				2E94692C1FD8DDD30000DC20 /* Emoticon */,
				2E9469351FD8DDD30000DC20 /* Keyboard */,
				2E94693A1FD8DDD30000DC20 /* More */,
			);
			path = CWInput;
			sourceTree = "<group>";
		};
		2E9469261FD8DDD30000DC20 /* ChatToolBar */ = {
			isa = PBXGroup;
			children = (
				2E9469271FD8DDD30000DC20 /* ChatToolBarStyle.swift */,
				2E9469281FD8DDD30000DC20 /* CWChatKeyboard.swift */,
				2E9469291FD8DDD30000DC20 /* CWChatToolBar.swift */,
				2E94692A1FD8DDD30000DC20 /* CWInputTextView.swift */,
			);
			path = ChatToolBar;
			sourceTree = "<group>";
		};
		2E94692C1FD8DDD30000DC20 /* Emoticon */ = {
			isa = PBXGroup;
			children = (
				2E94695F1FD8DE110000DC20 /* Emoticon.swift */,
				2E9469621FD8DE110000DC20 /* EmoticonManager.swift */,
				2E94692D1FD8DDD30000DC20 /* EmoticonCell.swift */,
				2E94692E1FD8DDD30000DC20 /* EmoticonGroup.swift */,
				2E94692F1FD8DDD30000DC20 /* EmoticonInputView.swift */,
				2E9469301FD8DDD30000DC20 /* EmoticonPageCell.swift */,
				2E9469311FD8DDD30000DC20 /* EmoticonPageCellLayout.swift */,
				2E9469321FD8DDD30000DC20 /* EmoticonPreviewer.swift */,
				2E9469331FD8DDD30000DC20 /* EmoticonToolItemCell.swift */,
				2E9469341FD8DDD30000DC20 /* EmoticonToolView.swift */,
			);
			path = Emoticon;
			sourceTree = "<group>";
		};
		2E9469351FD8DDD30000DC20 /* Keyboard */ = {
			isa = PBXGroup;
			children = (
				2E9469361FD8DDD30000DC20 /* InputTextView.swift */,
				2E9469371FD8DDD30000DC20 /* Keyboard.swift */,
				2E9469391FD8DDD30000DC20 /* ToolView.swift */,
			);
			path = Keyboard;
			sourceTree = "<group>";
		};
		2E94693A1FD8DDD30000DC20 /* More */ = {
			isa = PBXGroup;
			children = (
				2E94693B1FD8DDD30000DC20 /* CWMoreInputView.swift */,
				2E94693C1FD8DDD30000DC20 /* MoreInputDataHelper.swift */,
				2E94693D1FD8DDD30000DC20 /* MoreInputView.swift */,
				2E94693E1FD8DDD30000DC20 /* MoreInputViewLayout.swift */,
				2E94693F1FD8DDD30000DC20 /* MoreItem.swift */,
				2E9469401FD8DDD30000DC20 /* MoreItemCell.swift */,
			);
			path = More;
			sourceTree = "<group>";
		};
		2E9469581FD8DE110000DC20 /* Expression */ = {
			isa = PBXGroup;
			children = (
				2E9469801FD8DE340000DC20 /* emoticons.bundle */,
				2E9469821FD8DE3B0000DC20 /* Emotion.bundle */,
			);
			path = Expression;
			sourceTree = "<group>";
		};
		556F47192EE61446A04B7B22 /* Pods */ = {
			isa = PBXGroup;
			children = (
				2923E152CD439BEE89B8302C /* Pods-WeChatDemo.debug.xcconfig */,
				CC9503219360A407A05D6360 /* Pods-WeChatDemo.release.xcconfig */,
				C96D7656828EDFA4F9B37ABF /* Pods-WeChatDemoTests.debug.xcconfig */,
				242425485CE9DD49A355809F /* Pods-WeChatDemoTests.release.xcconfig */,
				97510ABA5FCE263A673899A0 /* Pods-WeChatDemoUITests.debug.xcconfig */,
				2EB80A291585394370498D47 /* Pods-WeChatDemoUITests.release.xcconfig */,
			);
			name = Pods;
			sourceTree = "<group>";
		};
		B4CC2989AA5075D10039E198 /* Frameworks */ = {
			isa = PBXGroup;
			children = (
				2E48F38146F3894031D636F0 /* Pods_WeChatDemo.framework */,
				72DA7DF07DB8BCEA82BD6E7D /* Pods_WeChatDemoTests.framework */,
				9B078FC5658352B4A07732F6 /* Pods_WeChatDemoUITests.framework */,
			);
			name = Frameworks;
			sourceTree = "<group>";
		};
/* End PBXGroup section */

/* Begin PBXNativeTarget section */
		2E5493331FD7F91400DB934B /* WeChatDemo */ = {
			isa = PBXNativeTarget;
			buildConfigurationList = 2E54935C1FD7F91400DB934B /* Build configuration list for PBXNativeTarget "WeChatDemo" */;
			buildPhases = (
				CFC7A3E1E4C55B8B0D1FB237 /* [CP] Check Pods Manifest.lock */,
				2E5493301FD7F91400DB934B /* Sources */,
				2E5493311FD7F91400DB934B /* Frameworks */,
				2E5493321FD7F91400DB934B /* Resources */,
				215FC3476A6A7081E9DB12ED /* [CP] Embed Pods Frameworks */,
				29ED5D9C9A0227848106DEB7 /* [CP] Copy Pods Resources */,
			);
			buildRules = (
			);
			dependencies = (
			);
			name = WeChatDemo;
			productName = WeChatDemo;
			productReference = 2E5493341FD7F91400DB934B /* WeChatDemo.app */;
			productType = "com.apple.product-type.application";
		};
		2E5493471FD7F91400DB934B /* WeChatDemoTests */ = {
			isa = PBXNativeTarget;
			buildConfigurationList = 2E54935F1FD7F91400DB934B /* Build configuration list for PBXNativeTarget "WeChatDemoTests" */;
			buildPhases = (
				65A8B39C025BED3E9FDCD143 /* [CP] Check Pods Manifest.lock */,
				2E5493441FD7F91400DB934B /* Sources */,
				2E5493451FD7F91400DB934B /* Frameworks */,
				2E5493461FD7F91400DB934B /* Resources */,
				B1A896E058F79D139A849AE1 /* [CP] Embed Pods Frameworks */,
				7D1CF548FC07154FA8659794 /* [CP] Copy Pods Resources */,
			);
			buildRules = (
			);
			dependencies = (
				2E54934A1FD7F91400DB934B /* PBXTargetDependency */,
			);
			name = WeChatDemoTests;
			productName = WeChatDemoTests;
			productReference = 2E5493481FD7F91400DB934B /* WeChatDemoTests.xctest */;
			productType = "com.apple.product-type.bundle.unit-test";
		};
		2E5493521FD7F91400DB934B /* WeChatDemoUITests */ = {
			isa = PBXNativeTarget;
			buildConfigurationList = 2E5493621FD7F91400DB934B /* Build configuration list for PBXNativeTarget "WeChatDemoUITests" */;
			buildPhases = (
				083C7CB6C30F03B4C9A49A02 /* [CP] Check Pods Manifest.lock */,
				2E54934F1FD7F91400DB934B /* Sources */,
				2E5493501FD7F91400DB934B /* Frameworks */,
				2E5493511FD7F91400DB934B /* Resources */,
				10D7CB9833B763B3EAD0FEBF /* [CP] Embed Pods Frameworks */,
				6BBFD18BF11893BA3B65CE70 /* [CP] Copy Pods Resources */,
			);
			buildRules = (
			);
			dependencies = (
				2E5493551FD7F91400DB934B /* PBXTargetDependency */,
			);
			name = WeChatDemoUITests;
			productName = WeChatDemoUITests;
			productReference = 2E5493531FD7F91400DB934B /* WeChatDemoUITests.xctest */;
			productType = "com.apple.product-type.bundle.ui-testing";
		};
/* End PBXNativeTarget section */

/* Begin PBXProject section */
		2E54932C1FD7F91400DB934B /* Project object */ = {
			isa = PBXProject;
			attributes = {
				LastSwiftUpdateCheck = 0910;
				LastUpgradeCheck = 0910;
				ORGANIZATIONNAME = maomao;
				TargetAttributes = {
					2E5493331FD7F91400DB934B = {
						CreatedOnToolsVersion = 9.1;
						ProvisioningStyle = Automatic;
					};
					2E5493471FD7F91400DB934B = {
						CreatedOnToolsVersion = 9.1;
						ProvisioningStyle = Automatic;
						TestTargetID = 2E5493331FD7F91400DB934B;
					};
					2E5493521FD7F91400DB934B = {
						CreatedOnToolsVersion = 9.1;
						ProvisioningStyle = Automatic;
						TestTargetID = 2E5493331FD7F91400DB934B;
					};
				};
			};
			buildConfigurationList = 2E54932F1FD7F91400DB934B /* Build configuration list for PBXProject "WeChatDemo" */;
			compatibilityVersion = "Xcode 8.0";
			developmentRegion = en;
			hasScannedForEncodings = 0;
			knownRegions = (
				en,
				Base,
			);
			mainGroup = 2E54932B1FD7F91400DB934B;
			productRefGroup = 2E5493351FD7F91400DB934B /* Products */;
			projectDirPath = "";
			projectRoot = "";
			targets = (
				2E5493331FD7F91400DB934B /* WeChatDemo */,
				2E5493471FD7F91400DB934B /* WeChatDemoTests */,
				2E5493521FD7F91400DB934B /* WeChatDemoUITests */,
			);
		};
/* End PBXProject section */

/* Begin PBXResourcesBuildPhase section */
		2E5493321FD7F91400DB934B /* Resources */ = {
			isa = PBXResourcesBuildPhase;
			buildActionMask = 2147483647;
			files = (
				2E5493421FD7F91400DB934B /* LaunchScreen.storyboard in Resources */,
				2E54949E1FD8DBE000DB934B /* chat_background.png in Resources */,
				2E54933F1FD7F91400DB934B /* Assets.xcassets in Resources */,
				2E9469831FD8DE3B0000DC20 /* Emotion.bundle in Resources */,
				2E54933D1FD7F91400DB934B /* Main.storyboard in Resources */,
				2E9469811FD8DE340000DC20 /* emoticons.bundle in Resources */,
			);
			runOnlyForDeploymentPostprocessing = 0;
		};
		2E5493461FD7F91400DB934B /* Resources */ = {
			isa = PBXResourcesBuildPhase;
			buildActionMask = 2147483647;
			files = (
			);
			runOnlyForDeploymentPostprocessing = 0;
		};
		2E5493511FD7F91400DB934B /* Resources */ = {
			isa = PBXResourcesBuildPhase;
			buildActionMask = 2147483647;
			files = (
			);
			runOnlyForDeploymentPostprocessing = 0;
		};
/* End PBXResourcesBuildPhase section */

/* Begin PBXShellScriptBuildPhase section */
		083C7CB6C30F03B4C9A49A02 /* [CP] Check Pods Manifest.lock */ = {
			isa = PBXShellScriptBuildPhase;
			buildActionMask = 2147483647;
			files = (
			);
			inputPaths = (
				"${PODS_PODFILE_DIR_PATH}/Podfile.lock",
				"${PODS_ROOT}/Manifest.lock",
			);
			name = "[CP] Check Pods Manifest.lock";
			outputPaths = (
				"$(DERIVED_FILE_DIR)/Pods-WeChatDemoUITests-checkManifestLockResult.txt",
			);
			runOnlyForDeploymentPostprocessing = 0;
			shellPath = /bin/sh;
			shellScript = "diff \"${PODS_PODFILE_DIR_PATH}/Podfile.lock\" \"${PODS_ROOT}/Manifest.lock\" > /dev/null\nif [ $? != 0 ] ; then\n    # print error to STDERR\n    echo \"error: The sandbox is not in sync with the Podfile.lock. Run 'pod install' or update your CocoaPods installation.\" >&2\n    exit 1\nfi\n# This output is used by Xcode 'outputs' to avoid re-running this script phase.\necho \"SUCCESS\" > \"${SCRIPT_OUTPUT_FILE_0}\"\n";
			showEnvVarsInLog = 0;
		};
		10D7CB9833B763B3EAD0FEBF /* [CP] Embed Pods Frameworks */ = {
			isa = PBXShellScriptBuildPhase;
			buildActionMask = 2147483647;
			files = (
			);
			inputPaths = (
			);
			name = "[CP] Embed Pods Frameworks";
			outputPaths = (
			);
			runOnlyForDeploymentPostprocessing = 0;
			shellPath = /bin/sh;
			shellScript = "\"${SRCROOT}/Pods/Target Support Files/Pods-WeChatDemoUITests/Pods-WeChatDemoUITests-frameworks.sh\"\n";
			showEnvVarsInLog = 0;
		};
		215FC3476A6A7081E9DB12ED /* [CP] Embed Pods Frameworks */ = {
			isa = PBXShellScriptBuildPhase;
			buildActionMask = 2147483647;
			files = (
			);
			inputPaths = (
				"${SRCROOT}/Pods/Target Support Files/Pods-WeChatDemo/Pods-WeChatDemo-frameworks.sh",
				"${BUILT_PRODUCTS_DIR}/Alamofire/Alamofire.framework",
				"${BUILT_PRODUCTS_DIR}/CWActionSheet/CWActionSheet.framework",
				"${BUILT_PRODUCTS_DIR}/Hue/Hue.framework",
				"${BUILT_PRODUCTS_DIR}/KVOController/KVOController.framework",
				"${BUILT_PRODUCTS_DIR}/Kingfisher/Kingfisher.framework",
				"${BUILT_PRODUCTS_DIR}/RxCocoa/RxCocoa.framework",
				"${BUILT_PRODUCTS_DIR}/RxSwift/RxSwift.framework",
				"${BUILT_PRODUCTS_DIR}/SnapKit/SnapKit.framework",
				"${BUILT_PRODUCTS_DIR}/SwiftyBeaver/SwiftyBeaver.framework",
				"${BUILT_PRODUCTS_DIR}/SwiftyImage/SwiftyImage.framework",
				"${BUILT_PRODUCTS_DIR}/SwiftyJSON/SwiftyJSON.framework",
				"${BUILT_PRODUCTS_DIR}/YYText/YYText.framework",
			);
			name = "[CP] Embed Pods Frameworks";
			outputPaths = (
				"${TARGET_BUILD_DIR}/${FRAMEWORKS_FOLDER_PATH}/Alamofire.framework",
				"${TARGET_BUILD_DIR}/${FRAMEWORKS_FOLDER_PATH}/CWActionSheet.framework",
				"${TARGET_BUILD_DIR}/${FRAMEWORKS_FOLDER_PATH}/Hue.framework",
				"${TARGET_BUILD_DIR}/${FRAMEWORKS_FOLDER_PATH}/KVOController.framework",
				"${TARGET_BUILD_DIR}/${FRAMEWORKS_FOLDER_PATH}/Kingfisher.framework",
				"${TARGET_BUILD_DIR}/${FRAMEWORKS_FOLDER_PATH}/RxCocoa.framework",
				"${TARGET_BUILD_DIR}/${FRAMEWORKS_FOLDER_PATH}/RxSwift.framework",
				"${TARGET_BUILD_DIR}/${FRAMEWORKS_FOLDER_PATH}/SnapKit.framework",
				"${TARGET_BUILD_DIR}/${FRAMEWORKS_FOLDER_PATH}/SwiftyBeaver.framework",
				"${TARGET_BUILD_DIR}/${FRAMEWORKS_FOLDER_PATH}/SwiftyImage.framework",
				"${TARGET_BUILD_DIR}/${FRAMEWORKS_FOLDER_PATH}/SwiftyJSON.framework",
				"${TARGET_BUILD_DIR}/${FRAMEWORKS_FOLDER_PATH}/YYText.framework",
			);
			runOnlyForDeploymentPostprocessing = 0;
			shellPath = /bin/sh;
			shellScript = "\"${SRCROOT}/Pods/Target Support Files/Pods-WeChatDemo/Pods-WeChatDemo-frameworks.sh\"\n";
			showEnvVarsInLog = 0;
		};
		29ED5D9C9A0227848106DEB7 /* [CP] Copy Pods Resources */ = {
			isa = PBXShellScriptBuildPhase;
			buildActionMask = 2147483647;
			files = (
			);
			inputPaths = (
			);
			name = "[CP] Copy Pods Resources";
			outputPaths = (
			);
			runOnlyForDeploymentPostprocessing = 0;
			shellPath = /bin/sh;
			shellScript = "\"${SRCROOT}/Pods/Target Support Files/Pods-WeChatDemo/Pods-WeChatDemo-resources.sh\"\n";
			showEnvVarsInLog = 0;
		};
		65A8B39C025BED3E9FDCD143 /* [CP] Check Pods Manifest.lock */ = {
			isa = PBXShellScriptBuildPhase;
			buildActionMask = 2147483647;
			files = (
			);
			inputPaths = (
				"${PODS_PODFILE_DIR_PATH}/Podfile.lock",
				"${PODS_ROOT}/Manifest.lock",
			);
			name = "[CP] Check Pods Manifest.lock";
			outputPaths = (
				"$(DERIVED_FILE_DIR)/Pods-WeChatDemoTests-checkManifestLockResult.txt",
			);
			runOnlyForDeploymentPostprocessing = 0;
			shellPath = /bin/sh;
			shellScript = "diff \"${PODS_PODFILE_DIR_PATH}/Podfile.lock\" \"${PODS_ROOT}/Manifest.lock\" > /dev/null\nif [ $? != 0 ] ; then\n    # print error to STDERR\n    echo \"error: The sandbox is not in sync with the Podfile.lock. Run 'pod install' or update your CocoaPods installation.\" >&2\n    exit 1\nfi\n# This output is used by Xcode 'outputs' to avoid re-running this script phase.\necho \"SUCCESS\" > \"${SCRIPT_OUTPUT_FILE_0}\"\n";
			showEnvVarsInLog = 0;
		};
		6BBFD18BF11893BA3B65CE70 /* [CP] Copy Pods Resources */ = {
			isa = PBXShellScriptBuildPhase;
			buildActionMask = 2147483647;
			files = (
			);
			inputPaths = (
			);
			name = "[CP] Copy Pods Resources";
			outputPaths = (
			);
			runOnlyForDeploymentPostprocessing = 0;
			shellPath = /bin/sh;
			shellScript = "\"${SRCROOT}/Pods/Target Support Files/Pods-WeChatDemoUITests/Pods-WeChatDemoUITests-resources.sh\"\n";
			showEnvVarsInLog = 0;
		};
		7D1CF548FC07154FA8659794 /* [CP] Copy Pods Resources */ = {
			isa = PBXShellScriptBuildPhase;
			buildActionMask = 2147483647;
			files = (
			);
			inputPaths = (
			);
			name = "[CP] Copy Pods Resources";
			outputPaths = (
			);
			runOnlyForDeploymentPostprocessing = 0;
			shellPath = /bin/sh;
			shellScript = "\"${SRCROOT}/Pods/Target Support Files/Pods-WeChatDemoTests/Pods-WeChatDemoTests-resources.sh\"\n";
			showEnvVarsInLog = 0;
		};
		B1A896E058F79D139A849AE1 /* [CP] Embed Pods Frameworks */ = {
			isa = PBXShellScriptBuildPhase;
			buildActionMask = 2147483647;
			files = (
			);
			inputPaths = (
			);
			name = "[CP] Embed Pods Frameworks";
			outputPaths = (
			);
			runOnlyForDeploymentPostprocessing = 0;
			shellPath = /bin/sh;
			shellScript = "\"${SRCROOT}/Pods/Target Support Files/Pods-WeChatDemoTests/Pods-WeChatDemoTests-frameworks.sh\"\n";
			showEnvVarsInLog = 0;
		};
		CFC7A3E1E4C55B8B0D1FB237 /* [CP] Check Pods Manifest.lock */ = {
			isa = PBXShellScriptBuildPhase;
			buildActionMask = 2147483647;
			files = (
			);
			inputPaths = (
				"${PODS_PODFILE_DIR_PATH}/Podfile.lock",
				"${PODS_ROOT}/Manifest.lock",
			);
			name = "[CP] Check Pods Manifest.lock";
			outputPaths = (
				"$(DERIVED_FILE_DIR)/Pods-WeChatDemo-checkManifestLockResult.txt",
			);
			runOnlyForDeploymentPostprocessing = 0;
			shellPath = /bin/sh;
			shellScript = "diff \"${PODS_PODFILE_DIR_PATH}/Podfile.lock\" \"${PODS_ROOT}/Manifest.lock\" > /dev/null\nif [ $? != 0 ] ; then\n    # print error to STDERR\n    echo \"error: The sandbox is not in sync with the Podfile.lock. Run 'pod install' or update your CocoaPods installation.\" >&2\n    exit 1\nfi\n# This output is used by Xcode 'outputs' to avoid re-running this script phase.\necho \"SUCCESS\" > \"${SCRIPT_OUTPUT_FILE_0}\"\n";
			showEnvVarsInLog = 0;
		};
/* End PBXShellScriptBuildPhase section */

/* Begin PBXSourcesBuildPhase section */
		2E5493301FD7F91400DB934B /* Sources */ = {
			isa = PBXSourcesBuildPhase;
			buildActionMask = 2147483647;
			files = (
				2E9469441FD8DDD30000DC20 /* CWInputTextView.swift in Sources */,
				2E9469481FD8DDD30000DC20 /* EmoticonInputView.swift in Sources */,
				2E5494551FD8CCF300DB934B /* UIButton+Extensions.swift in Sources */,
				2E94694D1FD8DDD30000DC20 /* EmoticonToolView.swift in Sources */,
				2E9469571FD8DDD30000DC20 /* MoreItemCell.swift in Sources */,
				2E54946B1FD8CE2C00DB934B /* CWTextMessageBody.swift in Sources */,
				2E54945B1FD8CCF300DB934B /* UITableView+Reusable.swift in Sources */,
				2E9469531FD8DDD30000DC20 /* MoreInputDataHelper.swift in Sources */,
				2E5494931FD8D45100DB934B /* CWTextLinePositionModifier.swift in Sources */,
				2E54945C1FD8CCF300DB934B /* UIView+Frame.swift in Sources */,
				2E9469561FD8DDD30000DC20 /* MoreItem.swift in Sources */,
				2E94694C1FD8DDD30000DC20 /* EmoticonToolItemCell.swift in Sources */,
				2E5494731FD8CE5700DB934B /* CWChatUser.swift in Sources */,
				2E5494511FD8CCF300DB934B /* NSString+Chat.swift in Sources */,
				2E94694E1FD8DDD30000DC20 /* InputTextView.swift in Sources */,
				2E54933A1FD7F91400DB934B /* ViewController.swift in Sources */,
				2E9469521FD8DDD30000DC20 /* CWMoreInputView.swift in Sources */,
				2E54948C1FD8D30F00DB934B /* CWChatImageView.swift in Sources */,
				2E5494651FD8CD3B00DB934B /* CWUIUtility.swift in Sources */,
				2E5494691FD8CDD800DB934B /* CWMessage.swift in Sources */,
				2E5494641FD8CD3B00DB934B /* CWPlayMessageAudio.swift in Sources */,
				2E5494521FD8CCF300DB934B /* NSString+PinYin.swift in Sources */,
				2E9469731FD8DE110000DC20 /* Emoticon.swift in Sources */,
				2E5494571FD8CCF300DB934B /* UIFont+Extension.swift in Sources */,
				2E54947C1FD8D25600DB934B /* CWMessageCell.swift in Sources */,
				2E5494801FD8D2AF00DB934B /* EmoticonMessageContentView.swift in Sources */,
				2E5494901FD8D3D200DB934B /* CWMessageLayoutSettings.swift in Sources */,
				2E5493381FD7F91400DB934B /* AppDelegate.swift in Sources */,
				2E54948A1FD8D2FB00DB934B /* CWChatTextDisplayView.swift in Sources */,
				2E94694F1FD8DDD30000DC20 /* Keyboard.swift in Sources */,
				2E9469421FD8DDD30000DC20 /* CWChatKeyboard.swift in Sources */,
				2E8E393B1FDA6F3600080E68 /* ChatWebViewController.swift in Sources */,
				2E54946D1FD8CE3400DB934B /* CWFileMessageBody.swift in Sources */,
				2E9469871FD8E43D0000DC20 /* CWBaseMessageController+Keyboard.swift in Sources */,
				2E54946F1FD8CE3A00DB934B /* CWImageMessageBody.swift in Sources */,
				2E9469461FD8DDD30000DC20 /* EmoticonCell.swift in Sources */,
				2E9469491FD8DDD30000DC20 /* EmoticonPageCell.swift in Sources */,
				2E5494711FD8CE5200DB934B /* CWEmoticonMessageBody.swift in Sources */,
				2E9469411FD8DDD30000DC20 /* ChatToolBarStyle.swift in Sources */,
				2E5494841FD8D2C700DB934B /* TextMessageContentView.swift in Sources */,
				2E54947E1FD8D29C00DB934B /* MessageContentView.swift in Sources */,
				2E9469851FD8DE760000DC20 /* CWBaseTableViewController.swift in Sources */,
				2E5494821FD8D2BE00DB934B /* ImageMessageContentView.swift in Sources */,
				2E9469751FD8DE110000DC20 /* EmoticonManager.swift in Sources */,
				2E94694B1FD8DDD30000DC20 /* EmoticonPreviewer.swift in Sources */,
				2E5494561FD8CCF300DB934B /* UIColor+Extension.swift in Sources */,
				2E5494951FD8D45800DB934B /* CWChatTextParser.swift in Sources */,
				2E54947A1FD8D22F00DB934B /* CWMessageViewLayout.swift in Sources */,
				2E9469541FD8DDD30000DC20 /* MoreInputView.swift in Sources */,
				2E5494621FD8CD3B00DB934B /* ChatTimeTool.swift in Sources */,
				2E9469431FD8DDD30000DC20 /* CWChatToolBar.swift in Sources */,
				2E9469551FD8DDD30000DC20 /* MoreInputViewLayout.swift in Sources */,
				2E5494881FD8D2EC00DB934B /* CWTimeMessageCell.swift in Sources */,
				2E5494861FD8D2D800DB934B /* CWChatUIConstant.swift in Sources */,
				2E5494751FD8CE7400DB934B /* CWMessageBody.swift in Sources */,
				2E9469511FD8DDD30000DC20 /* ToolView.swift in Sources */,
				2E9469891FD8E52B0000DC20 /* CWChatKit.swift in Sources */,
				2E5494671FD8CD6A00DB934B /* CWMessageModel.swift in Sources */,
				2E5494631FD8CD3B00DB934B /* CWChatConst.swift in Sources */,
				2E9469471FD8DDD30000DC20 /* EmoticonGroup.swift in Sources */,
				2E54948E1FD8D3CD00DB934B /* CWMessageLayoutAttributes.swift in Sources */,
				2E5494771FD8D05A00DB934B /* CWBaseMessageController.swift in Sources */,
				2E94694A1FD8DDD30000DC20 /* EmoticonPageCellLayout.swift in Sources */,
				2E5494591FD8CCF300DB934B /* UIImage+Extension.swift in Sources */,
				2E5494581FD8CCF300DB934B /* UIImage+CWChat.swift in Sources */,
				2E5494971FD8D4DB00DB934B /* Const.swift in Sources */,
			);
			runOnlyForDeploymentPostprocessing = 0;
		};
		2E5493441FD7F91400DB934B /* Sources */ = {
			isa = PBXSourcesBuildPhase;
			buildActionMask = 2147483647;
			files = (
				2E54934D1FD7F91400DB934B /* WeChatDemoTests.swift in Sources */,
			);
			runOnlyForDeploymentPostprocessing = 0;
		};
		2E54934F1FD7F91400DB934B /* Sources */ = {
			isa = PBXSourcesBuildPhase;
			buildActionMask = 2147483647;
			files = (
				2E5493581FD7F91400DB934B /* WeChatDemoUITests.swift in Sources */,
			);
			runOnlyForDeploymentPostprocessing = 0;
		};
/* End PBXSourcesBuildPhase section */

/* Begin PBXTargetDependency section */
		2E54934A1FD7F91400DB934B /* PBXTargetDependency */ = {
			isa = PBXTargetDependency;
			target = 2E5493331FD7F91400DB934B /* WeChatDemo */;
			targetProxy = 2E5493491FD7F91400DB934B /* PBXContainerItemProxy */;
		};
		2E5493551FD7F91400DB934B /* PBXTargetDependency */ = {
			isa = PBXTargetDependency;
			target = 2E5493331FD7F91400DB934B /* WeChatDemo */;
			targetProxy = 2E5493541FD7F91400DB934B /* PBXContainerItemProxy */;
		};
/* End PBXTargetDependency section */

/* Begin PBXVariantGroup section */
		2E54933B1FD7F91400DB934B /* Main.storyboard */ = {
			isa = PBXVariantGroup;
			children = (
				2E54933C1FD7F91400DB934B /* Base */,
			);
			name = Main.storyboard;
			sourceTree = "<group>";
		};
		2E5493401FD7F91400DB934B /* LaunchScreen.storyboard */ = {
			isa = PBXVariantGroup;
			children = (
				2E5493411FD7F91400DB934B /* Base */,
			);
			name = LaunchScreen.storyboard;
			sourceTree = "<group>";
		};
/* End PBXVariantGroup section */

/* Begin XCBuildConfiguration section */
		2E54935A1FD7F91400DB934B /* Debug */ = {
			isa = XCBuildConfiguration;
			buildSettings = {
				ALWAYS_SEARCH_USER_PATHS = NO;
				CLANG_ANALYZER_NONNULL = YES;
				CLANG_ANALYZER_NUMBER_OBJECT_CONVERSION = YES_AGGRESSIVE;
				CLANG_CXX_LANGUAGE_STANDARD = "gnu++14";
				CLANG_CXX_LIBRARY = "libc++";
				CLANG_ENABLE_MODULES = YES;
				CLANG_ENABLE_OBJC_ARC = YES;
				CLANG_WARN_BLOCK_CAPTURE_AUTORELEASING = YES;
				CLANG_WARN_BOOL_CONVERSION = YES;
				CLANG_WARN_COMMA = YES;
				CLANG_WARN_CONSTANT_CONVERSION = YES;
				CLANG_WARN_DIRECT_OBJC_ISA_USAGE = YES_ERROR;
				CLANG_WARN_DOCUMENTATION_COMMENTS = YES;
				CLANG_WARN_EMPTY_BODY = YES;
				CLANG_WARN_ENUM_CONVERSION = YES;
				CLANG_WARN_INFINITE_RECURSION = YES;
				CLANG_WARN_INT_CONVERSION = YES;
				CLANG_WARN_NON_LITERAL_NULL_CONVERSION = YES;
				CLANG_WARN_OBJC_LITERAL_CONVERSION = YES;
				CLANG_WARN_OBJC_ROOT_CLASS = YES_ERROR;
				CLANG_WARN_RANGE_LOOP_ANALYSIS = YES;
				CLANG_WARN_STRICT_PROTOTYPES = YES;
				CLANG_WARN_SUSPICIOUS_MOVE = YES;
				CLANG_WARN_UNGUARDED_AVAILABILITY = YES_AGGRESSIVE;
				CLANG_WARN_UNREACHABLE_CODE = YES;
				CLANG_WARN__DUPLICATE_METHOD_MATCH = YES;
				CODE_SIGN_IDENTITY = "iPhone Developer";
				COPY_PHASE_STRIP = NO;
				DEBUG_INFORMATION_FORMAT = dwarf;
				ENABLE_STRICT_OBJC_MSGSEND = YES;
				ENABLE_TESTABILITY = YES;
				GCC_C_LANGUAGE_STANDARD = gnu11;
				GCC_DYNAMIC_NO_PIC = NO;
				GCC_NO_COMMON_BLOCKS = YES;
				GCC_OPTIMIZATION_LEVEL = 0;
				GCC_PREPROCESSOR_DEFINITIONS = (
					"DEBUG=1",
					"$(inherited)",
				);
				GCC_WARN_64_TO_32_BIT_CONVERSION = YES;
				GCC_WARN_ABOUT_RETURN_TYPE = YES_ERROR;
				GCC_WARN_UNDECLARED_SELECTOR = YES;
				GCC_WARN_UNINITIALIZED_AUTOS = YES_AGGRESSIVE;
				GCC_WARN_UNUSED_FUNCTION = YES;
				GCC_WARN_UNUSED_VARIABLE = YES;
				IPHONEOS_DEPLOYMENT_TARGET = 11.1;
				MTL_ENABLE_DEBUG_INFO = YES;
				ONLY_ACTIVE_ARCH = YES;
				SDKROOT = iphoneos;
				SWIFT_ACTIVE_COMPILATION_CONDITIONS = DEBUG;
				SWIFT_OPTIMIZATION_LEVEL = "-Onone";
			};
			name = Debug;
		};
		2E54935B1FD7F91400DB934B /* Release */ = {
			isa = XCBuildConfiguration;
			buildSettings = {
				ALWAYS_SEARCH_USER_PATHS = NO;
				CLANG_ANALYZER_NONNULL = YES;
				CLANG_ANALYZER_NUMBER_OBJECT_CONVERSION = YES_AGGRESSIVE;
				CLANG_CXX_LANGUAGE_STANDARD = "gnu++14";
				CLANG_CXX_LIBRARY = "libc++";
				CLANG_ENABLE_MODULES = YES;
				CLANG_ENABLE_OBJC_ARC = YES;
				CLANG_WARN_BLOCK_CAPTURE_AUTORELEASING = YES;
				CLANG_WARN_BOOL_CONVERSION = YES;
				CLANG_WARN_COMMA = YES;
				CLANG_WARN_CONSTANT_CONVERSION = YES;
				CLANG_WARN_DIRECT_OBJC_ISA_USAGE = YES_ERROR;
				CLANG_WARN_DOCUMENTATION_COMMENTS = YES;
				CLANG_WARN_EMPTY_BODY = YES;
				CLANG_WARN_ENUM_CONVERSION = YES;
				CLANG_WARN_INFINITE_RECURSION = YES;
				CLANG_WARN_INT_CONVERSION = YES;
				CLANG_WARN_NON_LITERAL_NULL_CONVERSION = YES;
				CLANG_WARN_OBJC_LITERAL_CONVERSION = YES;
				CLANG_WARN_OBJC_ROOT_CLASS = YES_ERROR;
				CLANG_WARN_RANGE_LOOP_ANALYSIS = YES;
				CLANG_WARN_STRICT_PROTOTYPES = YES;
				CLANG_WARN_SUSPICIOUS_MOVE = YES;
				CLANG_WARN_UNGUARDED_AVAILABILITY = YES_AGGRESSIVE;
				CLANG_WARN_UNREACHABLE_CODE = YES;
				CLANG_WARN__DUPLICATE_METHOD_MATCH = YES;
				CODE_SIGN_IDENTITY = "iPhone Developer";
				COPY_PHASE_STRIP = NO;
				DEBUG_INFORMATION_FORMAT = "dwarf-with-dsym";
				ENABLE_NS_ASSERTIONS = NO;
				ENABLE_STRICT_OBJC_MSGSEND = YES;
				GCC_C_LANGUAGE_STANDARD = gnu11;
				GCC_NO_COMMON_BLOCKS = YES;
				GCC_WARN_64_TO_32_BIT_CONVERSION = YES;
				GCC_WARN_ABOUT_RETURN_TYPE = YES_ERROR;
				GCC_WARN_UNDECLARED_SELECTOR = YES;
				GCC_WARN_UNINITIALIZED_AUTOS = YES_AGGRESSIVE;
				GCC_WARN_UNUSED_FUNCTION = YES;
				GCC_WARN_UNUSED_VARIABLE = YES;
				IPHONEOS_DEPLOYMENT_TARGET = 11.1;
				MTL_ENABLE_DEBUG_INFO = NO;
				SDKROOT = iphoneos;
				SWIFT_OPTIMIZATION_LEVEL = "-Owholemodule";
				VALIDATE_PRODUCT = YES;
			};
			name = Release;
		};
		2E54935D1FD7F91400DB934B /* Debug */ = {
			isa = XCBuildConfiguration;
			baseConfigurationReference = 2923E152CD439BEE89B8302C /* Pods-WeChatDemo.debug.xcconfig */;
			buildSettings = {
				ASSETCATALOG_COMPILER_APPICON_NAME = AppIcon;
				CODE_SIGN_STYLE = Automatic;
				INFOPLIST_FILE = WeChatDemo/Info.plist;
				LD_RUNPATH_SEARCH_PATHS = "$(inherited) @executable_path/Frameworks";
				PRODUCT_BUNDLE_IDENTIFIER = tianque.WeChatDemo;
				PRODUCT_NAME = "$(TARGET_NAME)";
				SWIFT_VERSION = 4.0;
				TARGETED_DEVICE_FAMILY = "1,2";
			};
			name = Debug;
		};
		2E54935E1FD7F91400DB934B /* Release */ = {
			isa = XCBuildConfiguration;
			baseConfigurationReference = CC9503219360A407A05D6360 /* Pods-WeChatDemo.release.xcconfig */;
			buildSettings = {
				ASSETCATALOG_COMPILER_APPICON_NAME = AppIcon;
				CODE_SIGN_STYLE = Automatic;
				INFOPLIST_FILE = WeChatDemo/Info.plist;
				LD_RUNPATH_SEARCH_PATHS = "$(inherited) @executable_path/Frameworks";
				PRODUCT_BUNDLE_IDENTIFIER = tianque.WeChatDemo;
				PRODUCT_NAME = "$(TARGET_NAME)";
				SWIFT_VERSION = 4.0;
				TARGETED_DEVICE_FAMILY = "1,2";
			};
			name = Release;
		};
		2E5493601FD7F91400DB934B /* Debug */ = {
			isa = XCBuildConfiguration;
			baseConfigurationReference = C96D7656828EDFA4F9B37ABF /* Pods-WeChatDemoTests.debug.xcconfig */;
			buildSettings = {
				ALWAYS_EMBED_SWIFT_STANDARD_LIBRARIES = YES;
				BUNDLE_LOADER = "$(TEST_HOST)";
				CODE_SIGN_STYLE = Automatic;
				INFOPLIST_FILE = WeChatDemoTests/Info.plist;
				LD_RUNPATH_SEARCH_PATHS = "$(inherited) @executable_path/Frameworks @loader_path/Frameworks";
				PRODUCT_BUNDLE_IDENTIFIER = tianque.WeChatDemoTests;
				PRODUCT_NAME = "$(TARGET_NAME)";
				SWIFT_VERSION = 4.0;
				TARGETED_DEVICE_FAMILY = "1,2";
				TEST_HOST = "$(BUILT_PRODUCTS_DIR)/WeChatDemo.app/WeChatDemo";
			};
			name = Debug;
		};
		2E5493611FD7F91400DB934B /* Release */ = {
			isa = XCBuildConfiguration;
			baseConfigurationReference = 242425485CE9DD49A355809F /* Pods-WeChatDemoTests.release.xcconfig */;
			buildSettings = {
				ALWAYS_EMBED_SWIFT_STANDARD_LIBRARIES = YES;
				BUNDLE_LOADER = "$(TEST_HOST)";
				CODE_SIGN_STYLE = Automatic;
				INFOPLIST_FILE = WeChatDemoTests/Info.plist;
				LD_RUNPATH_SEARCH_PATHS = "$(inherited) @executable_path/Frameworks @loader_path/Frameworks";
				PRODUCT_BUNDLE_IDENTIFIER = tianque.WeChatDemoTests;
				PRODUCT_NAME = "$(TARGET_NAME)";
				SWIFT_VERSION = 4.0;
				TARGETED_DEVICE_FAMILY = "1,2";
				TEST_HOST = "$(BUILT_PRODUCTS_DIR)/WeChatDemo.app/WeChatDemo";
			};
			name = Release;
		};
		2E5493631FD7F91400DB934B /* Debug */ = {
			isa = XCBuildConfiguration;
			baseConfigurationReference = 97510ABA5FCE263A673899A0 /* Pods-WeChatDemoUITests.debug.xcconfig */;
			buildSettings = {
				ALWAYS_EMBED_SWIFT_STANDARD_LIBRARIES = YES;
				CODE_SIGN_STYLE = Automatic;
				INFOPLIST_FILE = WeChatDemoUITests/Info.plist;
				LD_RUNPATH_SEARCH_PATHS = "$(inherited) @executable_path/Frameworks @loader_path/Frameworks";
				PRODUCT_BUNDLE_IDENTIFIER = tianque.WeChatDemoUITests;
				PRODUCT_NAME = "$(TARGET_NAME)";
				SWIFT_VERSION = 4.0;
				TARGETED_DEVICE_FAMILY = "1,2";
				TEST_TARGET_NAME = WeChatDemo;
			};
			name = Debug;
		};
		2E5493641FD7F91400DB934B /* Release */ = {
			isa = XCBuildConfiguration;
			baseConfigurationReference = 2EB80A291585394370498D47 /* Pods-WeChatDemoUITests.release.xcconfig */;
			buildSettings = {
				ALWAYS_EMBED_SWIFT_STANDARD_LIBRARIES = YES;
				CODE_SIGN_STYLE = Automatic;
				INFOPLIST_FILE = WeChatDemoUITests/Info.plist;
				LD_RUNPATH_SEARCH_PATHS = "$(inherited) @executable_path/Frameworks @loader_path/Frameworks";
				PRODUCT_BUNDLE_IDENTIFIER = tianque.WeChatDemoUITests;
				PRODUCT_NAME = "$(TARGET_NAME)";
				SWIFT_VERSION = 4.0;
				TARGETED_DEVICE_FAMILY = "1,2";
				TEST_TARGET_NAME = WeChatDemo;
			};
			name = Release;
		};
/* End XCBuildConfiguration section */

/* Begin XCConfigurationList section */
		2E54932F1FD7F91400DB934B /* Build configuration list for PBXProject "WeChatDemo" */ = {
			isa = XCConfigurationList;
			buildConfigurations = (
				2E54935A1FD7F91400DB934B /* Debug */,
				2E54935B1FD7F91400DB934B /* Release */,
			);
			defaultConfigurationIsVisible = 0;
			defaultConfigurationName = Release;
		};
		2E54935C1FD7F91400DB934B /* Build configuration list for PBXNativeTarget "WeChatDemo" */ = {
			isa = XCConfigurationList;
			buildConfigurations = (
				2E54935D1FD7F91400DB934B /* Debug */,
				2E54935E1FD7F91400DB934B /* Release */,
			);
			defaultConfigurationIsVisible = 0;
			defaultConfigurationName = Release;
		};
		2E54935F1FD7F91400DB934B /* Build configuration list for PBXNativeTarget "WeChatDemoTests" */ = {
			isa = XCConfigurationList;
			buildConfigurations = (
				2E5493601FD7F91400DB934B /* Debug */,
				2E5493611FD7F91400DB934B /* Release */,
			);
			defaultConfigurationIsVisible = 0;
			defaultConfigurationName = Release;
		};
		2E5493621FD7F91400DB934B /* Build configuration list for PBXNativeTarget "WeChatDemoUITests" */ = {
			isa = XCConfigurationList;
			buildConfigurations = (
				2E5493631FD7F91400DB934B /* Debug */,
				2E5493641FD7F91400DB934B /* Release */,
			);
			defaultConfigurationIsVisible = 0;
			defaultConfigurationName = Release;
		};
/* End XCConfigurationList section */
	};
	rootObject = 2E54932C1FD7F91400DB934B /* Project object */;
}
