// !$*UTF8*$!
{
	archiveVersion = 1;
	classes = {
	};
	objectVersion = 48;
	objects = {

/* Begin PBXBuildFile section */
		2E5493381FD7F91400DB934B /* AppDelegate.swift in Sources */ = {isa = PBXBuildFile; fileRef = 2E5493371FD7F91400DB934B /* AppDelegate.swift */; };
		2E54933A1FD7F91400DB934B /* ViewController.swift in Sources */ = {isa = PBXBuildFile; fileRef = 2E5493391FD7F91400DB934B /* ViewController.swift */; };
		2E54933D1FD7F91400DB934B /* Main.storyboard in Resources */ = {isa = PBXBuildFile; fileRef = 2E54933B1FD7F91400DB934B /* Main.storyboard */; };
		2E54933F1FD7F91400DB934B /* Assets.xcassets in Resources */ = {isa = PBXBuildFile; fileRef = 2E54933E1FD7F91400DB934B /* Assets.xcassets */; };
		2E5493421FD7F91400DB934B /* LaunchScreen.storyboard in Resources */ = {isa = PBXBuildFile; fileRef = 2E5493401FD7F91400DB934B /* LaunchScreen.storyboard */; };
		2E54934D1FD7F91400DB934B /* WeChatDemoTests.swift in Sources */ = {isa = PBXBuildFile; fileRef = 2E54934C1FD7F91400DB934B /* WeChatDemoTests.swift */; };
		2E5493581FD7F91400DB934B /* WeChatDemoUITests.swift in Sources */ = {isa = PBXBuildFile; fileRef = 2E5493571FD7F91400DB934B /* WeChatDemoUITests.swift */; };
/* End PBXBuildFile section */

/* Begin PBXContainerItemProxy section */
		2E5493491FD7F91400DB934B /* PBXContainerItemProxy */ = {
			isa = PBXContainerItemProxy;
			containerPortal = 2E54932C1FD7F91400DB934B /* Project object */;
			proxyType = 1;
			remoteGlobalIDString = 2E5493331FD7F91400DB934B;
			remoteInfo = WeChatDemo;
		};
		2E5493541FD7F91400DB934B /* PBXContainerItemProxy */ = {
			isa = PBXContainerItemProxy;
			containerPortal = 2E54932C1FD7F91400DB934B /* Project object */;
			proxyType = 1;
			remoteGlobalIDString = 2E5493331FD7F91400DB934B;
			remoteInfo = WeChatDemo;
		};
/* End PBXContainerItemProxy section */

/* Begin PBXFileReference section */
		2E5493341FD7F91400DB934B /* WeChatDemo.app */ = {isa = PBXFileReference; explicitFileType = wrapper.application; includeInIndex = 0; path = WeChatDemo.app; sourceTree = BUILT_PRODUCTS_DIR; };
		2E5493371FD7F91400DB934B /* AppDelegate.swift */ = {isa = PBXFileReference; lastKnownFileType = sourcecode.swift; path = AppDelegate.swift; sourceTree = "<group>"; };
		2E5493391FD7F91400DB934B /* ViewController.swift */ = {isa = PBXFileReference; lastKnownFileType = sourcecode.swift; path = ViewController.swift; sourceTree = "<group>"; };
		2E54933C1FD7F91400DB934B /* Base */ = {isa = PBXFileReference; lastKnownFileType = file.storyboard; name = Base; path = Base.lproj/Main.storyboard; sourceTree = "<group>"; };
		2E54933E1FD7F91400DB934B /* Assets.xcassets */ = {isa = PBXFileReference; lastKnownFileType = folder.assetcatalog; path = Assets.xcassets; sourceTree = "<group>"; };
		2E5493411FD7F91400DB934B /* Base */ = {isa = PBXFileReference; lastKnownFileType = file.storyboard; name = Base; path = Base.lproj/LaunchScreen.storyboard; sourceTree = "<group>"; };
		2E5493431FD7F91400DB934B /* Info.plist */ = {isa = PBXFileReference; lastKnownFileType = text.plist.xml; path = Info.plist; sourceTree = "<group>"; };
		2E5493481FD7F91400DB934B /* WeChatDemoTests.xctest */ = {isa = PBXFileReference; explicitFileType = wrapper.cfbundle; includeInIndex = 0; path = WeChatDemoTests.xctest; sourceTree = BUILT_PRODUCTS_DIR; };
		2E54934C1FD7F91400DB934B /* WeChatDemoTests.swift */ = {isa = PBXFileReference; lastKnownFileType = sourcecode.swift; path = WeChatDemoTests.swift; sourceTree = "<group>"; };
		2E54934E1FD7F91400DB934B /* Info.plist */ = {isa = PBXFileReference; lastKnownFileType = text.plist.xml; path = Info.plist; sourceTree = "<group>"; };
		2E5493531FD7F91400DB934B /* WeChatDemoUITests.xctest */ = {isa = PBXFileReference; explicitFileType = wrapper.cfbundle; includeInIndex = 0; path = WeChatDemoUITests.xctest; sourceTree = BUILT_PRODUCTS_DIR; };
		2E5493571FD7F91400DB934B /* WeChatDemoUITests.swift */ = {isa = PBXFileReference; lastKnownFileType = sourcecode.swift; path = WeChatDemoUITests.swift; sourceTree = "<group>"; };
		2E5493591FD7F91400DB934B /* Info.plist */ = {isa = PBXFileReference; lastKnownFileType = text.plist.xml; path = Info.plist; sourceTree = "<group>"; };
/* End PBXFileReference section */

/* Begin PBXFrameworksBuildPhase section */
		2E5493311FD7F91400DB934B /* Frameworks */ = {
			isa = PBXFrameworksBuildPhase;
			buildActionMask = 2147483647;
			files = (
			);
			runOnlyForDeploymentPostprocessing = 0;
		};
		2E5493451FD7F91400DB934B /* Frameworks */ = {
			isa = PBXFrameworksBuildPhase;
			buildActionMask = 2147483647;
			files = (
			);
			runOnlyForDeploymentPostprocessing = 0;
		};
		2E5493501FD7F91400DB934B /* Frameworks */ = {
			isa = PBXFrameworksBuildPhase;
			buildActionMask = 2147483647;
			files = (
			);
			runOnlyForDeploymentPostprocessing = 0;
		};
/* End PBXFrameworksBuildPhase section */

/* Begin PBXGroup section */
		2E54932B1FD7F91400DB934B = {
			isa = PBXGroup;
			children = (
				2E5493361FD7F91400DB934B /* WeChatDemo */,
				2E54934B1FD7F91400DB934B /* WeChatDemoTests */,
				2E5493561FD7F91400DB934B /* WeChatDemoUITests */,
				2E5493351FD7F91400DB934B /* Products */,
			);
			sourceTree = "<group>";
		};
		2E5493351FD7F91400DB934B /* Products */ = {
			isa = PBXGroup;
			children = (
				2E5493341FD7F91400DB934B /* WeChatDemo.app */,
				2E5493481FD7F91400DB934B /* WeChatDemoTests.xctest */,
				2E5493531FD7F91400DB934B /* WeChatDemoUITests.xctest */,
			);
			name = Products;
			sourceTree = "<group>";
		};
		2E5493361FD7F91400DB934B /* WeChatDemo */ = {
			isa = PBXGroup;
			children = (
				2E5493371FD7F91400DB934B /* AppDelegate.swift */,
				2E5493391FD7F91400DB934B /* ViewController.swift */,
				2E54933B1FD7F91400DB934B /* Main.storyboard */,
				2E54933E1FD7F91400DB934B /* Assets.xcassets */,
				2E5493401FD7F91400DB934B /* LaunchScreen.storyboard */,
				2E5493431FD7F91400DB934B /* Info.plist */,
			);
			path = WeChatDemo;
			sourceTree = "<group>";
		};
		2E54934B1FD7F91400DB934B /* WeChatDemoTests */ = {
			isa = PBXGroup;
			children = (
				2E54934C1FD7F91400DB934B /* WeChatDemoTests.swift */,
				2E54934E1FD7F91400DB934B /* Info.plist */,
			);
			path = WeChatDemoTests;
			sourceTree = "<group>";
		};
		2E5493561FD7F91400DB934B /* WeChatDemoUITests */ = {
			isa = PBXGroup;
			children = (
				2E5493571FD7F91400DB934B /* WeChatDemoUITests.swift */,
				2E5493591FD7F91400DB934B /* Info.plist */,
			);
			path = WeChatDemoUITests;
			sourceTree = "<group>";
		};
/* End PBXGroup section */

/* Begin PBXNativeTarget section */
		2E5493331FD7F91400DB934B /* WeChatDemo */ = {
			isa = PBXNativeTarget;
			buildConfigurationList = 2E54935C1FD7F91400DB934B /* Build configuration list for PBXNativeTarget "WeChatDemo" */;
			buildPhases = (
				2E5493301FD7F91400DB934B /* Sources */,
				2E5493311FD7F91400DB934B /* Frameworks */,
				2E5493321FD7F91400DB934B /* Resources */,
			);
			buildRules = (
			);
			dependencies = (
			);
			name = WeChatDemo;
			productName = WeChatDemo;
			productReference = 2E5493341FD7F91400DB934B /* WeChatDemo.app */;
			productType = "com.apple.product-type.application";
		};
		2E5493471FD7F91400DB934B /* WeChatDemoTests */ = {
			isa = PBXNativeTarget;
			buildConfigurationList = 2E54935F1FD7F91400DB934B /* Build configuration list for PBXNativeTarget "WeChatDemoTests" */;
			buildPhases = (
				2E5493441FD7F91400DB934B /* Sources */,
				2E5493451FD7F91400DB934B /* Frameworks */,
				2E5493461FD7F91400DB934B /* Resources */,
			);
			buildRules = (
			);
			dependencies = (
				2E54934A1FD7F91400DB934B /* PBXTargetDependency */,
			);
			name = WeChatDemoTests;
			productName = WeChatDemoTests;
			productReference = 2E5493481FD7F91400DB934B /* WeChatDemoTests.xctest */;
			productType = "com.apple.product-type.bundle.unit-test";
		};
		2E5493521FD7F91400DB934B /* WeChatDemoUITests */ = {
			isa = PBXNativeTarget;
			buildConfigurationList = 2E5493621FD7F91400DB934B /* Build configuration list for PBXNativeTarget "WeChatDemoUITests" */;
			buildPhases = (
				2E54934F1FD7F91400DB934B /* Sources */,
				2E5493501FD7F91400DB934B /* Frameworks */,
				2E5493511FD7F91400DB934B /* Resources */,
			);
			buildRules = (
			);
			dependencies = (
				2E5493551FD7F91400DB934B /* PBXTargetDependency */,
			);
			name = WeChatDemoUITests;
			productName = WeChatDemoUITests;
			productReference = 2E5493531FD7F91400DB934B /* WeChatDemoUITests.xctest */;
			productType = "com.apple.product-type.bundle.ui-testing";
		};
/* End PBXNativeTarget section */

/* Begin PBXProject section */
		2E54932C1FD7F91400DB934B /* Project object */ = {
			isa = PBXProject;
			attributes = {
				LastSwiftUpdateCheck = 0910;
				LastUpgradeCheck = 0910;
				ORGANIZATIONNAME = maomao;
				TargetAttributes = {
					2E5493331FD7F91400DB934B = {
						CreatedOnToolsVersion = 9.1;
						ProvisioningStyle = Automatic;
					};
					2E5493471FD7F91400DB934B = {
						CreatedOnToolsVersion = 9.1;
						ProvisioningStyle = Automatic;
						TestTargetID = 2E5493331FD7F91400DB934B;
					};
					2E5493521FD7F91400DB934B = {
						CreatedOnToolsVersion = 9.1;
						ProvisioningStyle = Automatic;
						TestTargetID = 2E5493331FD7F91400DB934B;
					};
				};
			};
			buildConfigurationList = 2E54932F1FD7F91400DB934B /* Build configuration list for PBXProject "WeChatDemo" */;
			compatibilityVersion = "Xcode 8.0";
			developmentRegion = en;
			hasScannedForEncodings = 0;
			knownRegions = (
				en,
				Base,
			);
			mainGroup = 2E54932B1FD7F91400DB934B;
			productRefGroup = 2E5493351FD7F91400DB934B /* Products */;
			projectDirPath = "";
			projectRoot = "";
			targets = (
				2E5493331FD7F91400DB934B /* WeChatDemo */,
				2E5493471FD7F91400DB934B /* WeChatDemoTests */,
				2E5493521FD7F91400DB934B /* WeChatDemoUITests */,
			);
		};
/* End PBXProject section */

/* Begin PBXResourcesBuildPhase section */
		2E5493321FD7F91400DB934B /* Resources */ = {
			isa = PBXResourcesBuildPhase;
			buildActionMask = 2147483647;
			files = (
				2E5493421FD7F91400DB934B /* LaunchScreen.storyboard in Resources */,
				2E54933F1FD7F91400DB934B /* Assets.xcassets in Resources */,
				2E54933D1FD7F91400DB934B /* Main.storyboard in Resources */,
			);
			runOnlyForDeploymentPostprocessing = 0;
		};
		2E5493461FD7F91400DB934B /* Resources */ = {
			isa = PBXResourcesBuildPhase;
			buildActionMask = 2147483647;
			files = (
			);
			runOnlyForDeploymentPostprocessing = 0;
		};
		2E5493511FD7F91400DB934B /* Resources */ = {
			isa = PBXResourcesBuildPhase;
			buildActionMask = 2147483647;
			files = (
			);
			runOnlyForDeploymentPostprocessing = 0;
		};
/* End PBXResourcesBuildPhase section */

/* Begin PBXSourcesBuildPhase section */
		2E5493301FD7F91400DB934B /* Sources */ = {
			isa = PBXSourcesBuildPhase;
			buildActionMask = 2147483647;
			files = (
				2E54933A1FD7F91400DB934B /* ViewController.swift in Sources */,
				2E5493381FD7F91400DB934B /* AppDelegate.swift in Sources */,
			);
			runOnlyForDeploymentPostprocessing = 0;
		};
		2E5493441FD7F91400DB934B /* Sources */ = {
			isa = PBXSourcesBuildPhase;
			buildActionMask = 2147483647;
			files = (
				2E54934D1FD7F91400DB934B /* WeChatDemoTests.swift in Sources */,
			);
			runOnlyForDeploymentPostprocessing = 0;
		};
		2E54934F1FD7F91400DB934B /* Sources */ = {
			isa = PBXSourcesBuildPhase;
			buildActionMask = 2147483647;
			files = (
				2E5493581FD7F91400DB934B /* WeChatDemoUITests.swift in Sources */,
			);
			runOnlyForDeploymentPostprocessing = 0;
		};
/* End PBXSourcesBuildPhase section */

/* Begin PBXTargetDependency section */
		2E54934A1FD7F91400DB934B /* PBXTargetDependency */ = {
			isa = PBXTargetDependency;
			target = 2E5493331FD7F91400DB934B /* WeChatDemo */;
			targetProxy = 2E5493491FD7F91400DB934B /* PBXContainerItemProxy */;
		};
		2E5493551FD7F91400DB934B /* PBXTargetDependency */ = {
			isa = PBXTargetDependency;
			target = 2E5493331FD7F91400DB934B /* WeChatDemo */;
			targetProxy = 2E5493541FD7F91400DB934B /* PBXContainerItemProxy */;
		};
/* End PBXTargetDependency section */

/* Begin PBXVariantGroup section */
		2E54933B1FD7F91400DB934B /* Main.storyboard */ = {
			isa = PBXVariantGroup;
			children = (
				2E54933C1FD7F91400DB934B /* Base */,
			);
			name = Main.storyboard;
			sourceTree = "<group>";
		};
		2E5493401FD7F91400DB934B /* LaunchScreen.storyboard */ = {
			isa = PBXVariantGroup;
			children = (
				2E5493411FD7F91400DB934B /* Base */,
			);
			name = LaunchScreen.storyboard;
			sourceTree = "<group>";
		};
/* End PBXVariantGroup section */

/* Begin XCBuildConfiguration section */
		2E54935A1FD7F91400DB934B /* Debug */ = {
			isa = XCBuildConfiguration;
			buildSettings = {
				ALWAYS_SEARCH_USER_PATHS = NO;
				CLANG_ANALYZER_NONNULL = YES;
				CLANG_ANALYZER_NUMBER_OBJECT_CONVERSION = YES_AGGRESSIVE;
				CLANG_CXX_LANGUAGE_STANDARD = "gnu++14";
				CLANG_CXX_LIBRARY = "libc++";
				CLANG_ENABLE_MODULES = YES;
				CLANG_ENABLE_OBJC_ARC = YES;
				CLANG_WARN_BLOCK_CAPTURE_AUTORELEASING = YES;
				CLANG_WARN_BOOL_CONVERSION = YES;
				CLANG_WARN_COMMA = YES;
				CLANG_WARN_CONSTANT_CONVERSION = YES;
				CLANG_WARN_DIRECT_OBJC_ISA_USAGE = YES_ERROR;
				CLANG_WARN_DOCUMENTATION_COMMENTS = YES;
				CLANG_WARN_EMPTY_BODY = YES;
				CLANG_WARN_ENUM_CONVERSION = YES;
				CLANG_WARN_INFINITE_RECURSION = YES;
				CLANG_WARN_INT_CONVERSION = YES;
				CLANG_WARN_NON_LITERAL_NULL_CONVERSION = YES;
				CLANG_WARN_OBJC_LITERAL_CONVERSION = YES;
				CLANG_WARN_OBJC_ROOT_CLASS = YES_ERROR;
				CLANG_WARN_RANGE_LOOP_ANALYSIS = YES;
				CLANG_WARN_STRICT_PROTOTYPES = YES;
				CLANG_WARN_SUSPICIOUS_MOVE = YES;
				CLANG_WARN_UNGUARDED_AVAILABILITY = YES_AGGRESSIVE;
				CLANG_WARN_UNREACHABLE_CODE = YES;
				CLANG_WARN__DUPLICATE_METHOD_MATCH = YES;
				CODE_SIGN_IDENTITY = "iPhone Developer";
				COPY_PHASE_STRIP = NO;
				DEBUG_INFORMATION_FORMAT = dwarf;
				ENABLE_STRICT_OBJC_MSGSEND = YES;
				ENABLE_TESTABILITY = YES;
				GCC_C_LANGUAGE_STANDARD = gnu11;
				GCC_DYNAMIC_NO_PIC = NO;
				GCC_NO_COMMON_BLOCKS = YES;
				GCC_OPTIMIZATION_LEVEL = 0;
				GCC_PREPROCESSOR_DEFINITIONS = (
					"DEBUG=1",
					"$(inherited)",
				);
				GCC_WARN_64_TO_32_BIT_CONVERSION = YES;
				GCC_WARN_ABOUT_RETURN_TYPE = YES_ERROR;
				GCC_WARN_UNDECLARED_SELECTOR = YES;
				GCC_WARN_UNINITIALIZED_AUTOS = YES_AGGRESSIVE;
				GCC_WARN_UNUSED_FUNCTION = YES;
				GCC_WARN_UNUSED_VARIABLE = YES;
				IPHONEOS_DEPLOYMENT_TARGET = 11.1;
				MTL_ENABLE_DEBUG_INFO = YES;
				ONLY_ACTIVE_ARCH = YES;
				SDKROOT = iphoneos;
				SWIFT_ACTIVE_COMPILATION_CONDITIONS = DEBUG;
				SWIFT_OPTIMIZATION_LEVEL = "-Onone";
			};
			name = Debug;
		};
		2E54935B1FD7F91400DB934B /* Release */ = {
			isa = XCBuildConfiguration;
			buildSettings = {
				ALWAYS_SEARCH_USER_PATHS = NO;
				CLANG_ANALYZER_NONNULL = YES;
				CLANG_ANALYZER_NUMBER_OBJECT_CONVERSION = YES_AGGRESSIVE;
				CLANG_CXX_LANGUAGE_STANDARD = "gnu++14";
				CLANG_CXX_LIBRARY = "libc++";
				CLANG_ENABLE_MODULES = YES;
				CLANG_ENABLE_OBJC_ARC = YES;
				CLANG_WARN_BLOCK_CAPTURE_AUTORELEASING = YES;
				CLANG_WARN_BOOL_CONVERSION = YES;
				CLANG_WARN_COMMA = YES;
				CLANG_WARN_CONSTANT_CONVERSION = YES;
				CLANG_WARN_DIRECT_OBJC_ISA_USAGE = YES_ERROR;
				CLANG_WARN_DOCUMENTATION_COMMENTS = YES;
				CLANG_WARN_EMPTY_BODY = YES;
				CLANG_WARN_ENUM_CONVERSION = YES;
				CLANG_WARN_INFINITE_RECURSION = YES;
				CLANG_WARN_INT_CONVERSION = YES;
				CLANG_WARN_NON_LITERAL_NULL_CONVERSION = YES;
				CLANG_WARN_OBJC_LITERAL_CONVERSION = YES;
				CLANG_WARN_OBJC_ROOT_CLASS = YES_ERROR;
				CLANG_WARN_RANGE_LOOP_ANALYSIS = YES;
				CLANG_WARN_STRICT_PROTOTYPES = YES;
				CLANG_WARN_SUSPICIOUS_MOVE = YES;
				CLANG_WARN_UNGUARDED_AVAILABILITY = YES_AGGRESSIVE;
				CLANG_WARN_UNREACHABLE_CODE = YES;
				CLANG_WARN__DUPLICATE_METHOD_MATCH = YES;
				CODE_SIGN_IDENTITY = "iPhone Developer";
				COPY_PHASE_STRIP = NO;
				DEBUG_INFORMATION_FORMAT = "dwarf-with-dsym";
				ENABLE_NS_ASSERTIONS = NO;
				ENABLE_STRICT_OBJC_MSGSEND = YES;
				GCC_C_LANGUAGE_STANDARD = gnu11;
				GCC_NO_COMMON_BLOCKS = YES;
				GCC_WARN_64_TO_32_BIT_CONVERSION = YES;
				GCC_WARN_ABOUT_RETURN_TYPE = YES_ERROR;
				GCC_WARN_UNDECLARED_SELECTOR = YES;
				GCC_WARN_UNINITIALIZED_AUTOS = YES_AGGRESSIVE;
				GCC_WARN_UNUSED_FUNCTION = YES;
				GCC_WARN_UNUSED_VARIABLE = YES;
				IPHONEOS_DEPLOYMENT_TARGET = 11.1;
				MTL_ENABLE_DEBUG_INFO = NO;
				SDKROOT = iphoneos;
				SWIFT_OPTIMIZATION_LEVEL = "-Owholemodule";
				VALIDATE_PRODUCT = YES;
			};
			name = Release;
		};
		2E54935D1FD7F91400DB934B /* Debug */ = {
			isa = XCBuildConfiguration;
			buildSettings = {
				ASSETCATALOG_COMPILER_APPICON_NAME = AppIcon;
				CODE_SIGN_STYLE = Automatic;
				INFOPLIST_FILE = WeChatDemo/Info.plist;
				LD_RUNPATH_SEARCH_PATHS = "$(inherited) @executable_path/Frameworks";
				PRODUCT_BUNDLE_IDENTIFIER = tianque.WeChatDemo;
				PRODUCT_NAME = "$(TARGET_NAME)";
				SWIFT_VERSION = 4.0;
				TARGETED_DEVICE_FAMILY = "1,2";
			};
			name = Debug;
		};
		2E54935E1FD7F91400DB934B /* Release */ = {
			isa = XCBuildConfiguration;
			buildSettings = {
				ASSETCATALOG_COMPILER_APPICON_NAME = AppIcon;
				CODE_SIGN_STYLE = Automatic;
				INFOPLIST_FILE = WeChatDemo/Info.plist;
				LD_RUNPATH_SEARCH_PATHS = "$(inherited) @executable_path/Frameworks";
				PRODUCT_BUNDLE_IDENTIFIER = tianque.WeChatDemo;
				PRODUCT_NAME = "$(TARGET_NAME)";
				SWIFT_VERSION = 4.0;
				TARGETED_DEVICE_FAMILY = "1,2";
			};
			name = Release;
		};
		2E5493601FD7F91400DB934B /* Debug */ = {
			isa = XCBuildConfiguration;
			buildSettings = {
				ALWAYS_EMBED_SWIFT_STANDARD_LIBRARIES = YES;
				BUNDLE_LOADER = "$(TEST_HOST)";
				CODE_SIGN_STYLE = Automatic;
				INFOPLIST_FILE = WeChatDemoTests/Info.plist;
				LD_RUNPATH_SEARCH_PATHS = "$(inherited) @executable_path/Frameworks @loader_path/Frameworks";
				PRODUCT_BUNDLE_IDENTIFIER = tianque.WeChatDemoTests;
				PRODUCT_NAME = "$(TARGET_NAME)";
				SWIFT_VERSION = 4.0;
				TARGETED_DEVICE_FAMILY = "1,2";
				TEST_HOST = "$(BUILT_PRODUCTS_DIR)/WeChatDemo.app/WeChatDemo";
			};
			name = Debug;
		};
		2E5493611FD7F91400DB934B /* Release */ = {
			isa = XCBuildConfiguration;
			buildSettings = {
				ALWAYS_EMBED_SWIFT_STANDARD_LIBRARIES = YES;
				BUNDLE_LOADER = "$(TEST_HOST)";
				CODE_SIGN_STYLE = Automatic;
				INFOPLIST_FILE = WeChatDemoTests/Info.plist;
				LD_RUNPATH_SEARCH_PATHS = "$(inherited) @executable_path/Frameworks @loader_path/Frameworks";
				PRODUCT_BUNDLE_IDENTIFIER = tianque.WeChatDemoTests;
				PRODUCT_NAME = "$(TARGET_NAME)";
				SWIFT_VERSION = 4.0;
				TARGETED_DEVICE_FAMILY = "1,2";
				TEST_HOST = "$(BUILT_PRODUCTS_DIR)/WeChatDemo.app/WeChatDemo";
			};
			name = Release;
		};
		2E5493631FD7F91400DB934B /* Debug */ = {
			isa = XCBuildConfiguration;
			buildSettings = {
				ALWAYS_EMBED_SWIFT_STANDARD_LIBRARIES = YES;
				CODE_SIGN_STYLE = Automatic;
				INFOPLIST_FILE = WeChatDemoUITests/Info.plist;
				LD_RUNPATH_SEARCH_PATHS = "$(inherited) @executable_path/Frameworks @loader_path/Frameworks";
				PRODUCT_BUNDLE_IDENTIFIER = tianque.WeChatDemoUITests;
				PRODUCT_NAME = "$(TARGET_NAME)";
				SWIFT_VERSION = 4.0;
				TARGETED_DEVICE_FAMILY = "1,2";
				TEST_TARGET_NAME = WeChatDemo;
			};
			name = Debug;
		};
		2E5493641FD7F91400DB934B /* Release */ = {
			isa = XCBuildConfiguration;
			buildSettings = {
				ALWAYS_EMBED_SWIFT_STANDARD_LIBRARIES = YES;
				CODE_SIGN_STYLE = Automatic;
				INFOPLIST_FILE = WeChatDemoUITests/Info.plist;
				LD_RUNPATH_SEARCH_PATHS = "$(inherited) @executable_path/Frameworks @loader_path/Frameworks";
				PRODUCT_BUNDLE_IDENTIFIER = tianque.WeChatDemoUITests;
				PRODUCT_NAME = "$(TARGET_NAME)";
				SWIFT_VERSION = 4.0;
				TARGETED_DEVICE_FAMILY = "1,2";
				TEST_TARGET_NAME = WeChatDemo;
			};
			name = Release;
		};
/* End XCBuildConfiguration section */

/* Begin XCConfigurationList section */
		2E54932F1FD7F91400DB934B /* Build configuration list for PBXProject "WeChatDemo" */ = {
			isa = XCConfigurationList;
			buildConfigurations = (
				2E54935A1FD7F91400DB934B /* Debug */,
				2E54935B1FD7F91400DB934B /* Release */,
			);
			defaultConfigurationIsVisible = 0;
			defaultConfigurationName = Release;
		};
		2E54935C1FD7F91400DB934B /* Build configuration list for PBXNativeTarget "WeChatDemo" */ = {
			isa = XCConfigurationList;
			buildConfigurations = (
				2E54935D1FD7F91400DB934B /* Debug */,
				2E54935E1FD7F91400DB934B /* Release */,
			);
			defaultConfigurationIsVisible = 0;
			defaultConfigurationName = Release;
		};
		2E54935F1FD7F91400DB934B /* Build configuration list for PBXNativeTarget "WeChatDemoTests" */ = {
			isa = XCConfigurationList;
			buildConfigurations = (
				2E5493601FD7F91400DB934B /* Debug */,
				2E5493611FD7F91400DB934B /* Release */,
			);
			defaultConfigurationIsVisible = 0;
			defaultConfigurationName = Release;
		};
		2E5493621FD7F91400DB934B /* Build configuration list for PBXNativeTarget "WeChatDemoUITests" */ = {
			isa = XCConfigurationList;
			buildConfigurations = (
				2E5493631FD7F91400DB934B /* Debug */,
				2E5493641FD7F91400DB934B /* Release */,
			);
			defaultConfigurationIsVisible = 0;
			defaultConfigurationName = Release;
		};
/* End XCConfigurationList section */
	};
	rootObject = 2E54932C1FD7F91400DB934B /* Project object */;
}
