PODS:
  - Alamofire (4.6.0)
  - CWActionSheet (0.0.6)
  - Hue (3.0.1)
  - Kingfisher (4.5.0)
  - KVOController (1.2.0)
  - RxCocoa (4.0.0):
    - RxSwift (~> 4.0)
  - RxSwift (4.0.0)
  - SnapKit (4.0.0)
  - SwiftyBeaver (1.4.3)
  - SwiftyImage (1.2.0)
  - SwiftyJSON (4.0.0)
  - YYText (1.0.7)

DEPENDENCIES:
  - Alamofire
  - CWActionSheet
  - Hue
  - Kingfisher
  - KVOController
  - RxCocoa
  - RxSwift
  - SnapKit
  - SwiftyBeaver
  - SwiftyImage
  - SwiftyJSON
  - YYText

SPEC CHECKSUMS:
  Alamofire: f41a599bd63041760b26d393ec1069d9d7b917f4
  CWActionSheet: 7ab61a8628bfe3c4b9932983e154181ea4c9cd2f
  Hue: 93e852fa6211ab35922ad8c293f51c43d6c79eb2
  Kingfisher: 26ae0473102b77b575da51960c932431e3745407
  KVOController: d72ace34afea42468329623b3379ab3cd1d286b6
  RxCocoa: d62846ca96495d862fa4c59ea7d87e5031d7340e
  RxSwift: fd680d75283beb5e2559486f3c0ff852f0d35334
  SnapKit: a42d492c16e80209130a3379f73596c3454b7694
  SwiftyBeaver: e10b1668e0512229c36c34769b97eed3dfae2ca3
  SwiftyImage: ebaa7c7b6163cd4ad102f3bb05a8fb276d35b4f3
  SwiftyJSON: 070dabdcb1beb81b247c65ffa3a79dbbfb3b48aa
  YYText: 5c461d709e24d55a182d1441c41dc639a18a4849

PODFILE CHECKSUM: b4ca1b76f453de0d353e2a13c12bf7fb0cfff5c8

COCOAPODS: 1.3.1
